PODS:
  - SnapKit (5.0.1)
  - SwiftyJSON (5.0.0)

DEPENDENCIES:
  - SnapKit (~> 5.0.0)
  - SwiftyJSON (~> 5.0.0)

SPEC REPOS:
  trunk:
    - SnapKit
    - SwiftyJSON

SPEC CHECKSUMS:
  SnapKit: 97b92857e3df3a0c71833cce143274bf6ef8e5eb
  SwiftyJSON: 36413e04c44ee145039d332b4f4e2d3e8d6c4db7

PODFILE CHECKSUM: e387fe30bd8c740623c1c7de798fef64b7ab447e

COCOAPODS: 1.10.0
