// !$*UTF8*$!
{
	archiveVersion = 1;
	classes = {
	};
	objectVersion = 48;
	objects = {

/* Begin PBXBuildFile section */
		268EDB40F43779811DA69F67 /* Pods_DemoSwift.framework in Frameworks */ = {isa = PBXBuildFile; fileRef = B041FB317087741D521495CA /* Pods_DemoSwift.framework */; };
		7C96BE86BF4AA2163CE57712 /* Pods_DemoSwiftTests.framework in Frameworks */ = {isa = PBXBuildFile; fileRef = E15DF14BAB5BD5307EA55039 /* Pods_DemoSwiftTests.framework */; };
		FF1858782058CAC400ADC0BC /* AppDelegate.swift in Sources */ = {isa = PBXBuildFile; fileRef = FF1858772058CAC400ADC0BC /* AppDelegate.swift */; };
		FF18587D2058CAC400ADC0BC /* Main.storyboard in Resources */ = {isa = PBXBuildFile; fileRef = FF18587B2058CAC400ADC0BC /* Main.storyboard */; };
		FF18587F2058CAC400ADC0BC /* Assets.xcassets in Resources */ = {isa = PBXBuildFile; fileRef = FF18587E2058CAC400ADC0BC /* Assets.xcassets */; };
		FF1858822058CAC400ADC0BC /* LaunchScreen.storyboard in Resources */ = {isa = PBXBuildFile; fileRef = FF1858802058CAC400ADC0BC /* LaunchScreen.storyboard */; };
		FF18588D2058CAC400ADC0BC /* DemoSwiftTests.swift in Sources */ = {isa = PBXBuildFile; fileRef = FF18588C2058CAC400ADC0BC /* DemoSwiftTests.swift */; };
		FF1858982058D4E600ADC0BC /* MainTableViewController.swift in Sources */ = {isa = PBXBuildFile; fileRef = FF1858972058D4E600ADC0BC /* MainTableViewController.swift */; };
		FF18589E2059102300ADC0BC /* Demo.swift in Sources */ = {isa = PBXBuildFile; fileRef = FF18589D2059102300ADC0BC /* Demo.swift */; };
		FFD056AB205912F300A6F5AE /* UIColor+Extension.swift in Sources */ = {isa = PBXBuildFile; fileRef = FFD056AA205912F300A6F5AE /* UIColor+Extension.swift */; };
		FFD056AE2059134200A6F5AE /* UIDevice+Extension.swift in Sources */ = {isa = PBXBuildFile; fileRef = FFD056AD2059134200A6F5AE /* UIDevice+Extension.swift */; };
		FFD056B1205913CA00A6F5AE /* AnimationViewController.xib in Resources */ = {isa = PBXBuildFile; fileRef = FFD056AF205913CA00A6F5AE /* AnimationViewController.xib */; };
		FFD056B2205913CA00A6F5AE /* AnimationViewController.swift in Sources */ = {isa = PBXBuildFile; fileRef = FFD056B0205913CA00A6F5AE /* AnimationViewController.swift */; };
		FFD056B62059238A00A6F5AE /* ClockOffButton.swift in Sources */ = {isa = PBXBuildFile; fileRef = FFD056B42059238A00A6F5AE /* ClockOffButton.swift */; };
		FFD056B72059238A00A6F5AE /* ClockOffViewController.swift in Sources */ = {isa = PBXBuildFile; fileRef = FFD056B52059238A00A6F5AE /* ClockOffViewController.swift */; };
/* End PBXBuildFile section */

/* Begin PBXContainerItemProxy section */
		FF1858892058CAC400ADC0BC /* PBXContainerItemProxy */ = {
			isa = PBXContainerItemProxy;
			containerPortal = FF18586C2058CAC400ADC0BC /* Project object */;
			proxyType = 1;
			remoteGlobalIDString = FF1858732058CAC400ADC0BC;
			remoteInfo = DemoSwift;
		};
/* End PBXContainerItemProxy section */

/* Begin PBXFileReference section */
		6EF8CEF4C2E4AADE70875566 /* Pods-DemoSwiftTests.release.xcconfig */ = {isa = PBXFileReference; includeInIndex = 1; lastKnownFileType = text.xcconfig; name = "Pods-DemoSwiftTests.release.xcconfig"; path = "Pods/Target Support Files/Pods-DemoSwiftTests/Pods-DemoSwiftTests.release.xcconfig"; sourceTree = "<group>"; };
		8980D18AD2141E62C2B41318 /* Pods-DemoSwift.debug.xcconfig */ = {isa = PBXFileReference; includeInIndex = 1; lastKnownFileType = text.xcconfig; name = "Pods-DemoSwift.debug.xcconfig"; path = "Pods/Target Support Files/Pods-DemoSwift/Pods-DemoSwift.debug.xcconfig"; sourceTree = "<group>"; };
		9853D24A50FA9FF3CD008B8D /* Pods-DemoSwift.release.xcconfig */ = {isa = PBXFileReference; includeInIndex = 1; lastKnownFileType = text.xcconfig; name = "Pods-DemoSwift.release.xcconfig"; path = "Pods/Target Support Files/Pods-DemoSwift/Pods-DemoSwift.release.xcconfig"; sourceTree = "<group>"; };
		B041FB317087741D521495CA /* Pods_DemoSwift.framework */ = {isa = PBXFileReference; explicitFileType = wrapper.framework; includeInIndex = 0; path = Pods_DemoSwift.framework; sourceTree = BUILT_PRODUCTS_DIR; };
		D3244A00694BA58B5798D424 /* Pods-DemoSwiftTests.debug.xcconfig */ = {isa = PBXFileReference; includeInIndex = 1; lastKnownFileType = text.xcconfig; name = "Pods-DemoSwiftTests.debug.xcconfig"; path = "Pods/Target Support Files/Pods-DemoSwiftTests/Pods-DemoSwiftTests.debug.xcconfig"; sourceTree = "<group>"; };
		E15DF14BAB5BD5307EA55039 /* Pods_DemoSwiftTests.framework */ = {isa = PBXFileReference; explicitFileType = wrapper.framework; includeInIndex = 0; path = Pods_DemoSwiftTests.framework; sourceTree = BUILT_PRODUCTS_DIR; };
		FF1858742058CAC400ADC0BC /* DemoSwift.app */ = {isa = PBXFileReference; explicitFileType = wrapper.application; includeInIndex = 0; path = DemoSwift.app; sourceTree = BUILT_PRODUCTS_DIR; };
		FF1858772058CAC400ADC0BC /* AppDelegate.swift */ = {isa = PBXFileReference; lastKnownFileType = sourcecode.swift; path = AppDelegate.swift; sourceTree = "<group>"; };
		FF18587C2058CAC400ADC0BC /* Base */ = {isa = PBXFileReference; lastKnownFileType = file.storyboard; name = Base; path = Base.lproj/Main.storyboard; sourceTree = "<group>"; };
		FF18587E2058CAC400ADC0BC /* Assets.xcassets */ = {isa = PBXFileReference; lastKnownFileType = folder.assetcatalog; path = Assets.xcassets; sourceTree = "<group>"; };
		FF1858812058CAC400ADC0BC /* Base */ = {isa = PBXFileReference; lastKnownFileType = file.storyboard; name = Base; path = Base.lproj/LaunchScreen.storyboard; sourceTree = "<group>"; };
		FF1858832058CAC400ADC0BC /* Info.plist */ = {isa = PBXFileReference; lastKnownFileType = text.plist.xml; path = Info.plist; sourceTree = "<group>"; };
		FF1858882058CAC400ADC0BC /* DemoSwiftTests.xctest */ = {isa = PBXFileReference; explicitFileType = wrapper.cfbundle; includeInIndex = 0; path = DemoSwiftTests.xctest; sourceTree = BUILT_PRODUCTS_DIR; };
		FF18588C2058CAC400ADC0BC /* DemoSwiftTests.swift */ = {isa = PBXFileReference; lastKnownFileType = sourcecode.swift; path = DemoSwiftTests.swift; sourceTree = "<group>"; };
		FF18588E2058CAC400ADC0BC /* Info.plist */ = {isa = PBXFileReference; lastKnownFileType = text.plist.xml; path = Info.plist; sourceTree = "<group>"; };
		FF1858972058D4E600ADC0BC /* MainTableViewController.swift */ = {isa = PBXFileReference; lastKnownFileType = sourcecode.swift; path = MainTableViewController.swift; sourceTree = "<group>"; };
		FF18589D2059102300ADC0BC /* Demo.swift */ = {isa = PBXFileReference; lastKnownFileType = sourcecode.swift; path = Demo.swift; sourceTree = "<group>"; };
		FFD056AA205912F300A6F5AE /* UIColor+Extension.swift */ = {isa = PBXFileReference; lastKnownFileType = sourcecode.swift; path = "UIColor+Extension.swift"; sourceTree = "<group>"; };
		FFD056AD2059134200A6F5AE /* UIDevice+Extension.swift */ = {isa = PBXFileReference; lastKnownFileType = sourcecode.swift; path = "UIDevice+Extension.swift"; sourceTree = "<group>"; };
		FFD056AF205913CA00A6F5AE /* AnimationViewController.xib */ = {isa = PBXFileReference; fileEncoding = 4; lastKnownFileType = file.xib; path = AnimationViewController.xib; sourceTree = "<group>"; };
		FFD056B0205913CA00A6F5AE /* AnimationViewController.swift */ = {isa = PBXFileReference; fileEncoding = 4; lastKnownFileType = sourcecode.swift; path = AnimationViewController.swift; sourceTree = "<group>"; };
		FFD056B42059238A00A6F5AE /* ClockOffButton.swift */ = {isa = PBXFileReference; fileEncoding = 4; lastKnownFileType = sourcecode.swift; path = ClockOffButton.swift; sourceTree = "<group>"; };
		FFD056B52059238A00A6F5AE /* ClockOffViewController.swift */ = {isa = PBXFileReference; fileEncoding = 4; lastKnownFileType = sourcecode.swift; path = ClockOffViewController.swift; sourceTree = "<group>"; };
/* End PBXFileReference section */

/* Begin PBXFrameworksBuildPhase section */
		FF1858712058CAC400ADC0BC /* Frameworks */ = {
			isa = PBXFrameworksBuildPhase;
			buildActionMask = 2147483647;
			files = (
				268EDB40F43779811DA69F67 /* Pods_DemoSwift.framework in Frameworks */,
			);
			runOnlyForDeploymentPostprocessing = 0;
		};
		FF1858852058CAC400ADC0BC /* Frameworks */ = {
			isa = PBXFrameworksBuildPhase;
			buildActionMask = 2147483647;
			files = (
				7C96BE86BF4AA2163CE57712 /* Pods_DemoSwiftTests.framework in Frameworks */,
			);
			runOnlyForDeploymentPostprocessing = 0;
		};
/* End PBXFrameworksBuildPhase section */

/* Begin PBXGroup section */
		22CCA19142C5EB88BDA1102B /* Pods */ = {
			isa = PBXGroup;
			children = (
				8980D18AD2141E62C2B41318 /* Pods-DemoSwift.debug.xcconfig */,
				9853D24A50FA9FF3CD008B8D /* Pods-DemoSwift.release.xcconfig */,
				D3244A00694BA58B5798D424 /* Pods-DemoSwiftTests.debug.xcconfig */,
				6EF8CEF4C2E4AADE70875566 /* Pods-DemoSwiftTests.release.xcconfig */,
			);
			name = Pods;
			sourceTree = "<group>";
		};
		59216599C8FBAE2FED14B402 /* Frameworks */ = {
			isa = PBXGroup;
			children = (
				B041FB317087741D521495CA /* Pods_DemoSwift.framework */,
				E15DF14BAB5BD5307EA55039 /* Pods_DemoSwiftTests.framework */,
			);
			name = Frameworks;
			sourceTree = "<group>";
		};
		FF18586B2058CAC400ADC0BC = {
			isa = PBXGroup;
			children = (
				FF1858762058CAC400ADC0BC /* DemoSwift */,
				FF18588B2058CAC400ADC0BC /* DemoSwiftTests */,
				FF1858752058CAC400ADC0BC /* Products */,
				22CCA19142C5EB88BDA1102B /* Pods */,
				59216599C8FBAE2FED14B402 /* Frameworks */,
			);
			sourceTree = "<group>";
		};
		FF1858752058CAC400ADC0BC /* Products */ = {
			isa = PBXGroup;
			children = (
				FF1858742058CAC400ADC0BC /* DemoSwift.app */,
				FF1858882058CAC400ADC0BC /* DemoSwiftTests.xctest */,
			);
			name = Products;
			sourceTree = "<group>";
		};
		FF1858762058CAC400ADC0BC /* DemoSwift */ = {
			isa = PBXGroup;
			children = (
				FFD056A92059129200A6F5AE /* Extension */,
				FFD056A82059128C00A6F5AE /* Demo */,
				FF1858772058CAC400ADC0BC /* AppDelegate.swift */,
				FF1858972058D4E600ADC0BC /* MainTableViewController.swift */,
				FF18589D2059102300ADC0BC /* Demo.swift */,
				FF18587B2058CAC400ADC0BC /* Main.storyboard */,
				FF18587E2058CAC400ADC0BC /* Assets.xcassets */,
				FF1858802058CAC400ADC0BC /* LaunchScreen.storyboard */,
				FF1858832058CAC400ADC0BC /* Info.plist */,
			);
			path = DemoSwift;
			sourceTree = "<group>";
		};
		FF18588B2058CAC400ADC0BC /* DemoSwiftTests */ = {
			isa = PBXGroup;
			children = (
				FF18588C2058CAC400ADC0BC /* DemoSwiftTests.swift */,
				FF18588E2058CAC400ADC0BC /* Info.plist */,
			);
			path = DemoSwiftTests;
			sourceTree = "<group>";
		};
		FFD056A82059128C00A6F5AE /* Demo */ = {
			isa = PBXGroup;
			children = (
				FFD056AC2059130B00A6F5AE /* Animation */,
			);
			path = Demo;
			sourceTree = "<group>";
		};
		FFD056A92059129200A6F5AE /* Extension */ = {
			isa = PBXGroup;
			children = (
				FFD056AA205912F300A6F5AE /* UIColor+Extension.swift */,
				FFD056AD2059134200A6F5AE /* UIDevice+Extension.swift */,
			);
			path = Extension;
			sourceTree = "<group>";
		};
		FFD056AC2059130B00A6F5AE /* Animation */ = {
			isa = PBXGroup;
			children = (
				FFD056B32059236E00A6F5AE /* ClockOff */,
				FFD056B0205913CA00A6F5AE /* AnimationViewController.swift */,
				FFD056AF205913CA00A6F5AE /* AnimationViewController.xib */,
			);
			path = Animation;
			sourceTree = "<group>";
		};
		FFD056B32059236E00A6F5AE /* ClockOff */ = {
			isa = PBXGroup;
			children = (
				FFD056B42059238A00A6F5AE /* ClockOffButton.swift */,
				FFD056B52059238A00A6F5AE /* ClockOffViewController.swift */,
			);
			path = ClockOff;
			sourceTree = "<group>";
		};
/* End PBXGroup section */

/* Begin PBXNativeTarget section */
		FF1858732058CAC400ADC0BC /* DemoSwift */ = {
			isa = PBXNativeTarget;
			buildConfigurationList = FF1858912058CAC400ADC0BC /* Build configuration list for PBXNativeTarget "DemoSwift" */;
			buildPhases = (
				F84CB11BA65831251215BAE8 /* [CP] Check Pods Manifest.lock */,
				FF1858702058CAC400ADC0BC /* Sources */,
				FF1858712058CAC400ADC0BC /* Frameworks */,
				FF1858722058CAC400ADC0BC /* Resources */,
				FE30DB1FADB9EF40D93C20FF /* [CP] Embed Pods Frameworks */,
				0E0CCF3462DCF46676C8DE8D /* [CP] Copy Pods Resources */,
			);
			buildRules = (
			);
			dependencies = (
			);
			name = DemoSwift;
			productName = DemoSwift;
			productReference = FF1858742058CAC400ADC0BC /* DemoSwift.app */;
			productType = "com.apple.product-type.application";
		};
		FF1858872058CAC400ADC0BC /* DemoSwiftTests */ = {
			isa = PBXNativeTarget;
			buildConfigurationList = FF1858942058CAC400ADC0BC /* Build configuration list for PBXNativeTarget "DemoSwiftTests" */;
			buildPhases = (
				C38A7E25F874D7E7C802A62F /* [CP] Check Pods Manifest.lock */,
				FF1858842058CAC400ADC0BC /* Sources */,
				FF1858852058CAC400ADC0BC /* Frameworks */,
				FF1858862058CAC400ADC0BC /* Resources */,
				34C96B2E506079B8E9136341 /* [CP] Embed Pods Frameworks */,
				3741099998F7A7F0B499CB64 /* [CP] Copy Pods Resources */,
			);
			buildRules = (
			);
			dependencies = (
				FF18588A2058CAC400ADC0BC /* PBXTargetDependency */,
			);
			name = DemoSwiftTests;
			productName = DemoSwiftTests;
			productReference = FF1858882058CAC400ADC0BC /* DemoSwiftTests.xctest */;
			productType = "com.apple.product-type.bundle.unit-test";
		};
/* End PBXNativeTarget section */

/* Begin PBXProject section */
		FF18586C2058CAC400ADC0BC /* Project object */ = {
			isa = PBXProject;
			attributes = {
				LastSwiftUpdateCheck = 0920;
				LastUpgradeCheck = 0920;
				ORGANIZATIONNAME = yaoxp;
				TargetAttributes = {
					FF1858732058CAC400ADC0BC = {
						CreatedOnToolsVersion = 9.2;
						ProvisioningStyle = Automatic;
					};
					FF1858872058CAC400ADC0BC = {
						CreatedOnToolsVersion = 9.2;
						ProvisioningStyle = Automatic;
						TestTargetID = FF1858732058CAC400ADC0BC;
					};
				};
			};
			buildConfigurationList = FF18586F2058CAC400ADC0BC /* Build configuration list for PBXProject "DemoSwift" */;
			compatibilityVersion = "Xcode 8.0";
			developmentRegion = en;
			hasScannedForEncodings = 0;
			knownRegions = (
				en,
				Base,
			);
			mainGroup = FF18586B2058CAC400ADC0BC;
			productRefGroup = FF1858752058CAC400ADC0BC /* Products */;
			projectDirPath = "";
			projectRoot = "";
			targets = (
				FF1858732058CAC400ADC0BC /* DemoSwift */,
				FF1858872058CAC400ADC0BC /* DemoSwiftTests */,
			);
		};
/* End PBXProject section */

/* Begin PBXResourcesBuildPhase section */
		FF1858722058CAC400ADC0BC /* Resources */ = {
			isa = PBXResourcesBuildPhase;
			buildActionMask = 2147483647;
			files = (
				FF1858822058CAC400ADC0BC /* LaunchScreen.storyboard in Resources */,
				FFD056B1205913CA00A6F5AE /* AnimationViewController.xib in Resources */,
				FF18587F2058CAC400ADC0BC /* Assets.xcassets in Resources */,
				FF18587D2058CAC400ADC0BC /* Main.storyboard in Resources */,
			);
			runOnlyForDeploymentPostprocessing = 0;
		};
		FF1858862058CAC400ADC0BC /* Resources */ = {
			isa = PBXResourcesBuildPhase;
			buildActionMask = 2147483647;
			files = (
			);
			runOnlyForDeploymentPostprocessing = 0;
		};
/* End PBXResourcesBuildPhase section */

/* Begin PBXShellScriptBuildPhase section */
		0E0CCF3462DCF46676C8DE8D /* [CP] Copy Pods Resources */ = {
			isa = PBXShellScriptBuildPhase;
			buildActionMask = 2147483647;
			files = (
			);
			inputPaths = (
			);
			name = "[CP] Copy Pods Resources";
			outputPaths = (
			);
			runOnlyForDeploymentPostprocessing = 0;
			shellPath = /bin/sh;
			shellScript = "\"${SRCROOT}/Pods/Target Support Files/Pods-DemoSwift/Pods-DemoSwift-resources.sh\"\n";
			showEnvVarsInLog = 0;
		};
		34C96B2E506079B8E9136341 /* [CP] Embed Pods Frameworks */ = {
			isa = PBXShellScriptBuildPhase;
			buildActionMask = 2147483647;
			files = (
			);
			inputPaths = (
			);
			name = "[CP] Embed Pods Frameworks";
			outputPaths = (
			);
			runOnlyForDeploymentPostprocessing = 0;
			shellPath = /bin/sh;
			shellScript = "\"${SRCROOT}/Pods/Target Support Files/Pods-DemoSwiftTests/Pods-DemoSwiftTests-frameworks.sh\"\n";
			showEnvVarsInLog = 0;
		};
		3741099998F7A7F0B499CB64 /* [CP] Copy Pods Resources */ = {
			isa = PBXShellScriptBuildPhase;
			buildActionMask = 2147483647;
			files = (
			);
			inputPaths = (
			);
			name = "[CP] Copy Pods Resources";
			outputPaths = (
			);
			runOnlyForDeploymentPostprocessing = 0;
			shellPath = /bin/sh;
			shellScript = "\"${SRCROOT}/Pods/Target Support Files/Pods-DemoSwiftTests/Pods-DemoSwiftTests-resources.sh\"\n";
			showEnvVarsInLog = 0;
		};
		C38A7E25F874D7E7C802A62F /* [CP] Check Pods Manifest.lock */ = {
			isa = PBXShellScriptBuildPhase;
			buildActionMask = 2147483647;
			files = (
			);
			inputPaths = (
				"${PODS_PODFILE_DIR_PATH}/Podfile.lock",
				"${PODS_ROOT}/Manifest.lock",
			);
			name = "[CP] Check Pods Manifest.lock";
			outputPaths = (
				"$(DERIVED_FILE_DIR)/Pods-DemoSwiftTests-checkManifestLockResult.txt",
			);
			runOnlyForDeploymentPostprocessing = 0;
			shellPath = /bin/sh;
			shellScript = "diff \"${PODS_PODFILE_DIR_PATH}/Podfile.lock\" \"${PODS_ROOT}/Manifest.lock\" > /dev/null\nif [ $? != 0 ] ; then\n    # print error to STDERR\n    echo \"error: The sandbox is not in sync with the Podfile.lock. Run 'pod install' or update your CocoaPods installation.\" >&2\n    exit 1\nfi\n# This output is used by Xcode 'outputs' to avoid re-running this script phase.\necho \"SUCCESS\" > \"${SCRIPT_OUTPUT_FILE_0}\"\n";
			showEnvVarsInLog = 0;
		};
		F84CB11BA65831251215BAE8 /* [CP] Check Pods Manifest.lock */ = {
			isa = PBXShellScriptBuildPhase;
			buildActionMask = 2147483647;
			files = (
			);
			inputPaths = (
				"${PODS_PODFILE_DIR_PATH}/Podfile.lock",
				"${PODS_ROOT}/Manifest.lock",
			);
			name = "[CP] Check Pods Manifest.lock";
			outputPaths = (
				"$(DERIVED_FILE_DIR)/Pods-DemoSwift-checkManifestLockResult.txt",
			);
			runOnlyForDeploymentPostprocessing = 0;
			shellPath = /bin/sh;
			shellScript = "diff \"${PODS_PODFILE_DIR_PATH}/Podfile.lock\" \"${PODS_ROOT}/Manifest.lock\" > /dev/null\nif [ $? != 0 ] ; then\n    # print error to STDERR\n    echo \"error: The sandbox is not in sync with the Podfile.lock. Run 'pod install' or update your CocoaPods installation.\" >&2\n    exit 1\nfi\n# This output is used by Xcode 'outputs' to avoid re-running this script phase.\necho \"SUCCESS\" > \"${SCRIPT_OUTPUT_FILE_0}\"\n";
			showEnvVarsInLog = 0;
		};
		FE30DB1FADB9EF40D93C20FF /* [CP] Embed Pods Frameworks */ = {
			isa = PBXShellScriptBuildPhase;
			buildActionMask = 2147483647;
			files = (
			);
			inputPaths = (
				"${SRCROOT}/Pods/Target Support Files/Pods-DemoSwift/Pods-DemoSwift-frameworks.sh",
				"${BUILT_PRODUCTS_DIR}/SnapKit/SnapKit.framework",
			);
			name = "[CP] Embed Pods Frameworks";
			outputPaths = (
				"${TARGET_BUILD_DIR}/${FRAMEWORKS_FOLDER_PATH}/SnapKit.framework",
			);
			runOnlyForDeploymentPostprocessing = 0;
			shellPath = /bin/sh;
			shellScript = "\"${SRCROOT}/Pods/Target Support Files/Pods-DemoSwift/Pods-DemoSwift-frameworks.sh\"\n";
			showEnvVarsInLog = 0;
		};
/* End PBXShellScriptBuildPhase section */

/* Begin PBXSourcesBuildPhase section */
		FF1858702058CAC400ADC0BC /* Sources */ = {
			isa = PBXSourcesBuildPhase;
			buildActionMask = 2147483647;
			files = (
				FF1858982058D4E600ADC0BC /* MainTableViewController.swift in Sources */,
				FF1858782058CAC400ADC0BC /* AppDelegate.swift in Sources */,
				FF18589E2059102300ADC0BC /* Demo.swift in Sources */,
				FFD056B2205913CA00A6F5AE /* AnimationViewController.swift in Sources */,
				FFD056AE2059134200A6F5AE /* UIDevice+Extension.swift in Sources */,
				FFD056B72059238A00A6F5AE /* ClockOffViewController.swift in Sources */,
				FFD056B62059238A00A6F5AE /* ClockOffButton.swift in Sources */,
				FFD056AB205912F300A6F5AE /* UIColor+Extension.swift in Sources */,
			);
			runOnlyForDeploymentPostprocessing = 0;
		};
		FF1858842058CAC400ADC0BC /* Sources */ = {
			isa = PBXSourcesBuildPhase;
			buildActionMask = 2147483647;
			files = (
				FF18588D2058CAC400ADC0BC /* DemoSwiftTests.swift in Sources */,
			);
			runOnlyForDeploymentPostprocessing = 0;
		};
/* End PBXSourcesBuildPhase section */

/* Begin PBXTargetDependency section */
		FF18588A2058CAC400ADC0BC /* PBXTargetDependency */ = {
			isa = PBXTargetDependency;
			target = FF1858732058CAC400ADC0BC /* DemoSwift */;
			targetProxy = FF1858892058CAC400ADC0BC /* PBXContainerItemProxy */;
		};
/* End PBXTargetDependency section */

/* Begin PBXVariantGroup section */
		FF18587B2058CAC400ADC0BC /* Main.storyboard */ = {
			isa = PBXVariantGroup;
			children = (
				FF18587C2058CAC400ADC0BC /* Base */,
			);
			name = Main.storyboard;
			sourceTree = "<group>";
		};
		FF1858802058CAC400ADC0BC /* LaunchScreen.storyboard */ = {
			isa = PBXVariantGroup;
			children = (
				FF1858812058CAC400ADC0BC /* Base */,
			);
			name = LaunchScreen.storyboard;
			sourceTree = "<group>";
		};
/* End PBXVariantGroup section */

/* Begin XCBuildConfiguration section */
		FF18588F2058CAC400ADC0BC /* Debug */ = {
			isa = XCBuildConfiguration;
			buildSettings = {
				ALWAYS_SEARCH_USER_PATHS = NO;
				CLANG_ANALYZER_NONNULL = YES;
				CLANG_ANALYZER_NUMBER_OBJECT_CONVERSION = YES_AGGRESSIVE;
				CLANG_CXX_LANGUAGE_STANDARD = "gnu++14";
				CLANG_CXX_LIBRARY = "libc++";
				CLANG_ENABLE_MODULES = YES;
				CLANG_ENABLE_OBJC_ARC = YES;
				CLANG_WARN_BLOCK_CAPTURE_AUTORELEASING = YES;
				CLANG_WARN_BOOL_CONVERSION = YES;
				CLANG_WARN_COMMA = YES;
				CLANG_WARN_CONSTANT_CONVERSION = YES;
				CLANG_WARN_DIRECT_OBJC_ISA_USAGE = YES_ERROR;
				CLANG_WARN_DOCUMENTATION_COMMENTS = YES;
				CLANG_WARN_EMPTY_BODY = YES;
				CLANG_WARN_ENUM_CONVERSION = YES;
				CLANG_WARN_INFINITE_RECURSION = YES;
				CLANG_WARN_INT_CONVERSION = YES;
				CLANG_WARN_NON_LITERAL_NULL_CONVERSION = YES;
				CLANG_WARN_OBJC_LITERAL_CONVERSION = YES;
				CLANG_WARN_OBJC_ROOT_CLASS = YES_ERROR;
				CLANG_WARN_RANGE_LOOP_ANALYSIS = YES;
				CLANG_WARN_STRICT_PROTOTYPES = YES;
				CLANG_WARN_SUSPICIOUS_MOVE = YES;
				CLANG_WARN_UNGUARDED_AVAILABILITY = YES_AGGRESSIVE;
				CLANG_WARN_UNREACHABLE_CODE = YES;
				CLANG_WARN__DUPLICATE_METHOD_MATCH = YES;
				CODE_SIGN_IDENTITY = "iPhone Developer";
				COPY_PHASE_STRIP = NO;
				DEBUG_INFORMATION_FORMAT = dwarf;
				ENABLE_STRICT_OBJC_MSGSEND = YES;
				ENABLE_TESTABILITY = YES;
				GCC_C_LANGUAGE_STANDARD = gnu11;
				GCC_DYNAMIC_NO_PIC = NO;
				GCC_NO_COMMON_BLOCKS = YES;
				GCC_OPTIMIZATION_LEVEL = 0;
				GCC_PREPROCESSOR_DEFINITIONS = (
					"DEBUG=1",
					"$(inherited)",
				);
				GCC_WARN_64_TO_32_BIT_CONVERSION = YES;
				GCC_WARN_ABOUT_RETURN_TYPE = YES_ERROR;
				GCC_WARN_UNDECLARED_SELECTOR = YES;
				GCC_WARN_UNINITIALIZED_AUTOS = YES_AGGRESSIVE;
				GCC_WARN_UNUSED_FUNCTION = YES;
				GCC_WARN_UNUSED_VARIABLE = YES;
				IPHONEOS_DEPLOYMENT_TARGET = 11.2;
				MTL_ENABLE_DEBUG_INFO = YES;
				ONLY_ACTIVE_ARCH = YES;
				SDKROOT = iphoneos;
				SWIFT_ACTIVE_COMPILATION_CONDITIONS = DEBUG;
				SWIFT_OPTIMIZATION_LEVEL = "-Onone";
			};
			name = Debug;
		};
		FF1858902058CAC400ADC0BC /* Release */ = {
			isa = XCBuildConfiguration;
			buildSettings = {
				ALWAYS_SEARCH_USER_PATHS = NO;
				CLANG_ANALYZER_NONNULL = YES;
				CLANG_ANALYZER_NUMBER_OBJECT_CONVERSION = YES_AGGRESSIVE;
				CLANG_CXX_LANGUAGE_STANDARD = "gnu++14";
				CLANG_CXX_LIBRARY = "libc++";
				CLANG_ENABLE_MODULES = YES;
				CLANG_ENABLE_OBJC_ARC = YES;
				CLANG_WARN_BLOCK_CAPTURE_AUTORELEASING = YES;
				CLANG_WARN_BOOL_CONVERSION = YES;
				CLANG_WARN_COMMA = YES;
				CLANG_WARN_CONSTANT_CONVERSION = YES;
				CLANG_WARN_DIRECT_OBJC_ISA_USAGE = YES_ERROR;
				CLANG_WARN_DOCUMENTATION_COMMENTS = YES;
				CLANG_WARN_EMPTY_BODY = YES;
				CLANG_WARN_ENUM_CONVERSION = YES;
				CLANG_WARN_INFINITE_RECURSION = YES;
				CLANG_WARN_INT_CONVERSION = YES;
				CLANG_WARN_NON_LITERAL_NULL_CONVERSION = YES;
				CLANG_WARN_OBJC_LITERAL_CONVERSION = YES;
				CLANG_WARN_OBJC_ROOT_CLASS = YES_ERROR;
				CLANG_WARN_RANGE_LOOP_ANALYSIS = YES;
				CLANG_WARN_STRICT_PROTOTYPES = YES;
				CLANG_WARN_SUSPICIOUS_MOVE = YES;
				CLANG_WARN_UNGUARDED_AVAILABILITY = YES_AGGRESSIVE;
				CLANG_WARN_UNREACHABLE_CODE = YES;
				CLANG_WARN__DUPLICATE_METHOD_MATCH = YES;
				CODE_SIGN_IDENTITY = "iPhone Developer";
				COPY_PHASE_STRIP = NO;
				DEBUG_INFORMATION_FORMAT = "dwarf-with-dsym";
				ENABLE_NS_ASSERTIONS = NO;
				ENABLE_STRICT_OBJC_MSGSEND = YES;
				GCC_C_LANGUAGE_STANDARD = gnu11;
				GCC_NO_COMMON_BLOCKS = YES;
				GCC_WARN_64_TO_32_BIT_CONVERSION = YES;
				GCC_WARN_ABOUT_RETURN_TYPE = YES_ERROR;
				GCC_WARN_UNDECLARED_SELECTOR = YES;
				GCC_WARN_UNINITIALIZED_AUTOS = YES_AGGRESSIVE;
				GCC_WARN_UNUSED_FUNCTION = YES;
				GCC_WARN_UNUSED_VARIABLE = YES;
				IPHONEOS_DEPLOYMENT_TARGET = 11.2;
				MTL_ENABLE_DEBUG_INFO = NO;
				SDKROOT = iphoneos;
				SWIFT_OPTIMIZATION_LEVEL = "-Owholemodule";
				VALIDATE_PRODUCT = YES;
			};
			name = Release;
		};
		FF1858922058CAC400ADC0BC /* Debug */ = {
			isa = XCBuildConfiguration;
			baseConfigurationReference = 8980D18AD2141E62C2B41318 /* Pods-DemoSwift.debug.xcconfig */;
			buildSettings = {
				ASSETCATALOG_COMPILER_APPICON_NAME = AppIcon;
				CODE_SIGN_STYLE = Automatic;
				DEVELOPMENT_TEAM = QSH988Q3LB;
				INFOPLIST_FILE = DemoSwift/Info.plist;
				IPHONEOS_DEPLOYMENT_TARGET = 10.0;
				LD_RUNPATH_SEARCH_PATHS = "$(inherited) @executable_path/Frameworks";
				PRODUCT_BUNDLE_IDENTIFIER = yaoxp.DemoSwift;
				PRODUCT_NAME = "$(TARGET_NAME)";
				SWIFT_VERSION = 4.0;
				TARGETED_DEVICE_FAMILY = "1,2";
			};
			name = Debug;
		};
		FF1858932058CAC400ADC0BC /* Release */ = {
			isa = XCBuildConfiguration;
			baseConfigurationReference = 9853D24A50FA9FF3CD008B8D /* Pods-DemoSwift.release.xcconfig */;
			buildSettings = {
				ASSETCATALOG_COMPILER_APPICON_NAME = AppIcon;
				CODE_SIGN_STYLE = Automatic;
				DEVELOPMENT_TEAM = QSH988Q3LB;
				INFOPLIST_FILE = DemoSwift/Info.plist;
				IPHONEOS_DEPLOYMENT_TARGET = 10.0;
				LD_RUNPATH_SEARCH_PATHS = "$(inherited) @executable_path/Frameworks";
				PRODUCT_BUNDLE_IDENTIFIER = yaoxp.DemoSwift;
				PRODUCT_NAME = "$(TARGET_NAME)";
				SWIFT_VERSION = 4.0;
				TARGETED_DEVICE_FAMILY = "1,2";
			};
			name = Release;
		};
		FF1858952058CAC400ADC0BC /* Debug */ = {
			isa = XCBuildConfiguration;
			baseConfigurationReference = D3244A00694BA58B5798D424 /* Pods-DemoSwiftTests.debug.xcconfig */;
			buildSettings = {
				ALWAYS_EMBED_SWIFT_STANDARD_LIBRARIES = YES;
				BUNDLE_LOADER = "$(TEST_HOST)";
				CODE_SIGN_STYLE = Automatic;
				INFOPLIST_FILE = DemoSwiftTests/Info.plist;
				LD_RUNPATH_SEARCH_PATHS = "$(inherited) @executable_path/Frameworks @loader_path/Frameworks";
				PRODUCT_BUNDLE_IDENTIFIER = yaoxp.DemoSwiftTests;
				PRODUCT_NAME = "$(TARGET_NAME)";
				SWIFT_VERSION = 4.0;
				TARGETED_DEVICE_FAMILY = "1,2";
				TEST_HOST = "$(BUILT_PRODUCTS_DIR)/DemoSwift.app/DemoSwift";
			};
			name = Debug;
		};
		FF1858962058CAC400ADC0BC /* Release */ = {
			isa = XCBuildConfiguration;
			baseConfigurationReference = 6EF8CEF4C2E4AADE70875566 /* Pods-DemoSwiftTests.release.xcconfig */;
			buildSettings = {
				ALWAYS_EMBED_SWIFT_STANDARD_LIBRARIES = YES;
				BUNDLE_LOADER = "$(TEST_HOST)";
				CODE_SIGN_STYLE = Automatic;
				INFOPLIST_FILE = DemoSwiftTests/Info.plist;
				LD_RUNPATH_SEARCH_PATHS = "$(inherited) @executable_path/Frameworks @loader_path/Frameworks";
				PRODUCT_BUNDLE_IDENTIFIER = yaoxp.DemoSwiftTests;
				PRODUCT_NAME = "$(TARGET_NAME)";
				SWIFT_VERSION = 4.0;
				TARGETED_DEVICE_FAMILY = "1,2";
				TEST_HOST = "$(BUILT_PRODUCTS_DIR)/DemoSwift.app/DemoSwift";
			};
			name = Release;
		};
/* End XCBuildConfiguration section */

/* Begin XCConfigurationList section */
		FF18586F2058CAC400ADC0BC /* Build configuration list for PBXProject "DemoSwift" */ = {
			isa = XCConfigurationList;
			buildConfigurations = (
				FF18588F2058CAC400ADC0BC /* Debug */,
				FF1858902058CAC400ADC0BC /* Release */,
			);
			defaultConfigurationIsVisible = 0;
			defaultConfigurationName = Release;
		};
		FF1858912058CAC400ADC0BC /* Build configuration list for PBXNativeTarget "DemoSwift" */ = {
			isa = XCConfigurationList;
			buildConfigurations = (
				FF1858922058CAC400ADC0BC /* Debug */,
				FF1858932058CAC400ADC0BC /* Release */,
			);
			defaultConfigurationIsVisible = 0;
			defaultConfigurationName = Release;
		};
		FF1858942058CAC400ADC0BC /* Build configuration list for PBXNativeTarget "DemoSwiftTests" */ = {
			isa = XCConfigurationList;
			buildConfigurations = (
				FF1858952058CAC400ADC0BC /* Debug */,
				FF1858962058CAC400ADC0BC /* Release */,
			);
			defaultConfigurationIsVisible = 0;
			defaultConfigurationName = Release;
		};
/* End XCConfigurationList section */
	};
	rootObject = FF18586C2058CAC400ADC0BC /* Project object */;
}
