// !$*UTF8*$!
{
	archiveVersion = 1;
	classes = {
	};
	objectVersion = 48;
	objects = {

/* Begin PBXBuildFile section */
		268EDB40F43779811DA69F67 /* Pods_DemoSwift.framework in Frameworks */ = {isa = PBXBuildFile; fileRef = B041FB317087741D521495CA /* Pods_DemoSwift.framework */; };
		5B136160269C7A0A00A70DFF /* transparent_001.png in Resources */ = {isa = PBXBuildFile; fileRef = 5B13615F269C7A0A00A70DFF /* transparent_001.png */; };
		5B136166269D804200A70DFF /* AppleDownsampleViewController.swift in Sources */ = {isa = PBXBuildFile; fileRef = 5B136165269D804200A70DFF /* AppleDownsampleViewController.swift */; };
		5B136168269EE10C00A70DFF /* ant@3x.png in Resources */ = {isa = PBXBuildFile; fileRef = 5B136167269EE10C00A70DFF /* ant@3x.png */; };
		5B13616A269FC00F00A70DFF /* Data+Extension.swift in Sources */ = {isa = PBXBuildFile; fileRef = 5B136169269FC00F00A70DFF /* Data+Extension.swift */; };
		5B2FD74526AE55B4004EC22E /* ImageTableViewController.swift in Sources */ = {isa = PBXBuildFile; fileRef = 5B2FD74426AE55B4004EC22E /* ImageTableViewController.swift */; };
		5B2FD74826AE5902004EC22E /* NinePatchImageFactory.swift in Sources */ = {isa = PBXBuildFile; fileRef = 5B2FD74726AE5902004EC22E /* NinePatchImageFactory.swift */; };
		5B2FD74B26AE59A4004EC22E /* android.9.png in Resources */ = {isa = PBXBuildFile; fileRef = 5B2FD74A26AE59A4004EC22E /* android.9.png */; };
		5B2FD74D26AE8F0A004EC22E /* NinePatchImageViewController1.swift in Sources */ = {isa = PBXBuildFile; fileRef = 5B2FD74C26AE8F0A004EC22E /* NinePatchImageViewController1.swift */; };
		5B2FD75226AEB269004EC22E /* NinePatchImageViewController2.swift in Sources */ = {isa = PBXBuildFile; fileRef = 5B2FD75126AEB269004EC22E /* NinePatchImageViewController2.swift */; };
		5B2FD75426AED174004EC22E /* NinePatchImageTest.swift in Sources */ = {isa = PBXBuildFile; fileRef = 5B2FD75326AED174004EC22E /* NinePatchImageTest.swift */; };
		5B2FD75626AED431004EC22E /* DownsampleViewController.swift in Sources */ = {isa = PBXBuildFile; fileRef = 5B2FD75526AED431004EC22E /* DownsampleViewController.swift */; };
		5B2FD75826AEDB97004EC22E /* large_leaves_70mp.jpg in Resources */ = {isa = PBXBuildFile; fileRef = 5B2FD75726AEDB97004EC22E /* large_leaves_70mp.jpg */; };
		5B4DFC952563A5690033F272 /* CountdownViewController.swift in Sources */ = {isa = PBXBuildFile; fileRef = 5B4DFC942563A5690033F272 /* CountdownViewController.swift */; };
		5B4DFC9E2563AA680033F272 /* CountdownTimer.swift in Sources */ = {isa = PBXBuildFile; fileRef = 5B4DFC9D2563AA680033F272 /* CountdownTimer.swift */; };
		5B4DFCA32563AD8F0033F272 /* CountdownButton.swift in Sources */ = {isa = PBXBuildFile; fileRef = 5B4DFCA22563AD8F0033F272 /* CountdownButton.swift */; };
		5B5AE47326B2B15D0089D311 /* UIApplication+Extension.swift in Sources */ = {isa = PBXBuildFile; fileRef = 5B5AE47226B2B15D0089D311 /* UIApplication+Extension.swift */; };
		5B62613627560F7F00681662 /* DesignPatternsViewController.swift in Sources */ = {isa = PBXBuildFile; fileRef = 5B62613527560F7F00681662 /* DesignPatternsViewController.swift */; };
		5B62613F275627EF00681662 /* SFShoesProtocol.swift in Sources */ = {isa = PBXBuildFile; fileRef = 5B62613E275627EF00681662 /* SFShoesProtocol.swift */; };
		5B626141275628C300681662 /* SFAdiWang.swift in Sources */ = {isa = PBXBuildFile; fileRef = 5B626140275628C300681662 /* SFAdiWang.swift */; };
		5B6261432756299300681662 /* SFNike.swift in Sources */ = {isa = PBXBuildFile; fileRef = 5B6261422756299300681662 /* SFNike.swift */; };
		5B626145275629DA00681662 /* SFFactory.swift in Sources */ = {isa = PBXBuildFile; fileRef = 5B626144275629DA00681662 /* SFFactory.swift */; };
		5B6261482756428D00681662 /* FFactory.swift in Sources */ = {isa = PBXBuildFile; fileRef = 5B6261472756428D00681662 /* FFactory.swift */; };
		5B62614A2756436900681662 /* FShoes.swift in Sources */ = {isa = PBXBuildFile; fileRef = 5B6261492756436900681662 /* FShoes.swift */; };
		5B62614C275643EE00681662 /* FAdiWang.swift in Sources */ = {isa = PBXBuildFile; fileRef = 5B62614B275643EE00681662 /* FAdiWang.swift */; };
		5B62614E2756442500681662 /* FNike.swift in Sources */ = {isa = PBXBuildFile; fileRef = 5B62614D2756442500681662 /* FNike.swift */; };
		5B6261502756445C00681662 /* FFactoryAdiWang.swift in Sources */ = {isa = PBXBuildFile; fileRef = 5B62614F2756445C00681662 /* FFactoryAdiWang.swift */; };
		5B6261522756448B00681662 /* FFactoryNike.swift in Sources */ = {isa = PBXBuildFile; fileRef = 5B6261512756448B00681662 /* FFactoryNike.swift */; };
		5B626155275715DC00681662 /* AFShoesProtocol.swift in Sources */ = {isa = PBXBuildFile; fileRef = 5B626154275715DC00681662 /* AFShoesProtocol.swift */; };
		5B6261582757161B00681662 /* AFNike.swift in Sources */ = {isa = PBXBuildFile; fileRef = 5B6261562757161A00681662 /* AFNike.swift */; };
		5B62615B2757164F00681662 /* AFAdiWang.swift in Sources */ = {isa = PBXBuildFile; fileRef = 5B62615A2757164F00681662 /* AFAdiWang.swift */; };
		5B62615F2757169F00681662 /* AFFactoryNike.swift in Sources */ = {isa = PBXBuildFile; fileRef = 5B62615C2757169F00681662 /* AFFactoryNike.swift */; };
		5B6261602757169F00681662 /* AFFactory.swift in Sources */ = {isa = PBXBuildFile; fileRef = 5B62615D2757169F00681662 /* AFFactory.swift */; };
		5B6261612757169F00681662 /* AFFactoryAdiWang.swift in Sources */ = {isa = PBXBuildFile; fileRef = 5B62615E2757169F00681662 /* AFFactoryAdiWang.swift */; };
		5B75ABAF2564F33300DB70B7 /* ReflectViewController.swift in Sources */ = {isa = PBXBuildFile; fileRef = 5B75ABAE2564F33300DB70B7 /* ReflectViewController.swift */; };
		5B75ABB72564F35100DB70B7 /* ReflectBaseModel.swift in Sources */ = {isa = PBXBuildFile; fileRef = 5B75ABB62564F35100DB70B7 /* ReflectBaseModel.swift */; };
		5B75ABDF2565113F00DB70B7 /* LocationViewController.swift in Sources */ = {isa = PBXBuildFile; fileRef = 5B75ABDE2565113F00DB70B7 /* LocationViewController.swift */; };
		5B83B37326B2CEDF001FE25D /* ManualDecodeViewController.swift in Sources */ = {isa = PBXBuildFile; fileRef = 5B83B37126B2CEDF001FE25D /* ManualDecodeViewController.swift */; };
		5B83B37426B2CEDF001FE25D /* ManualDecodeViewController.xib in Resources */ = {isa = PBXBuildFile; fileRef = 5B83B37226B2CEDF001FE25D /* ManualDecodeViewController.xib */; };
		5B83B37626B2D5F9001FE25D /* Number+Extension.swift in Sources */ = {isa = PBXBuildFile; fileRef = 5B83B37526B2D5F9001FE25D /* Number+Extension.swift */; };
		5BDFD407260876280026F059 /* UILabelMultipleTapController.swift in Sources */ = {isa = PBXBuildFile; fileRef = 5BDFD406260876280026F059 /* UILabelMultipleTapController.swift */; };
		5BE9D2A4266790190099B8B4 /* TimerCycleViewController.swift in Sources */ = {isa = PBXBuildFile; fileRef = 5BE9D2A3266790190099B8B4 /* TimerCycleViewController.swift */; };
		5BE9D2A72667A3510099B8B4 /* OCTimerLeakViewController.m in Sources */ = {isa = PBXBuildFile; fileRef = 5BE9D2A62667A3510099B8B4 /* OCTimerLeakViewController.m */; };
		5BE9D2D2266876850099B8B4 /* WeakTimer.m in Sources */ = {isa = PBXBuildFile; fileRef = 5BE9D2D0266876850099B8B4 /* WeakTimer.m */; };
		5BE9D2D5266877ED0099B8B4 /* WeakTimerSwift.swift in Sources */ = {isa = PBXBuildFile; fileRef = 5BE9D2D3266877ED0099B8B4 /* WeakTimerSwift.swift */; };
		5BE9D2D6266877ED0099B8B4 /* TimerCycleSwiftViewController.swift in Sources */ = {isa = PBXBuildFile; fileRef = 5BE9D2D4266877ED0099B8B4 /* TimerCycleSwiftViewController.swift */; };
		7C96BE86BF4AA2163CE57712 /* Pods_DemoSwiftTests.framework in Frameworks */ = {isa = PBXBuildFile; fileRef = E15DF14BAB5BD5307EA55039 /* Pods_DemoSwiftTests.framework */; };
		9C715A2823672CE400F8DA36 /* ResponderDetailTwoViewController.swift in Sources */ = {isa = PBXBuildFile; fileRef = 9C715A2723672CE400F8DA36 /* ResponderDetailTwoViewController.swift */; };
		FF044C1020C9112600EDE2B6 /* Date+Extension.swift in Sources */ = {isa = PBXBuildFile; fileRef = FF044C0F20C9112600EDE2B6 /* Date+Extension.swift */; };
		FF05DE242148C60F00E3D5EA /* OriginImageViewController.swift in Sources */ = {isa = PBXBuildFile; fileRef = FF05DE222148C60F00E3D5EA /* OriginImageViewController.swift */; };
		FF05DE252148C60F00E3D5EA /* OriginImageViewController.xib in Resources */ = {isa = PBXBuildFile; fileRef = FF05DE232148C60F00E3D5EA /* OriginImageViewController.xib */; };
		FF05DE272148E35200E3D5EA /* BigImageTests.swift in Sources */ = {isa = PBXBuildFile; fileRef = FF05DE262148E35200E3D5EA /* BigImageTests.swift */; };
		FF05DE2A2148FDCB00E3D5EA /* ImageIOBigImageViewController.swift in Sources */ = {isa = PBXBuildFile; fileRef = FF05DE282148FDCB00E3D5EA /* ImageIOBigImageViewController.swift */; };
		FF05DE2B2148FDCB00E3D5EA /* ImageIOBigImageViewController.xib in Resources */ = {isa = PBXBuildFile; fileRef = FF05DE292148FDCB00E3D5EA /* ImageIOBigImageViewController.xib */; };
		FF1858782058CAC400ADC0BC /* AppDelegate.swift in Sources */ = {isa = PBXBuildFile; fileRef = FF1858772058CAC400ADC0BC /* AppDelegate.swift */; };
		FF18587D2058CAC400ADC0BC /* Main.storyboard in Resources */ = {isa = PBXBuildFile; fileRef = FF18587B2058CAC400ADC0BC /* Main.storyboard */; };
		FF18587F2058CAC400ADC0BC /* Assets.xcassets in Resources */ = {isa = PBXBuildFile; fileRef = FF18587E2058CAC400ADC0BC /* Assets.xcassets */; };
		FF1858822058CAC400ADC0BC /* LaunchScreen.storyboard in Resources */ = {isa = PBXBuildFile; fileRef = FF1858802058CAC400ADC0BC /* LaunchScreen.storyboard */; };
		FF18588D2058CAC400ADC0BC /* DemoSwiftTests.swift in Sources */ = {isa = PBXBuildFile; fileRef = FF18588C2058CAC400ADC0BC /* DemoSwiftTests.swift */; };
		FF1858982058D4E600ADC0BC /* MainTableViewController.swift in Sources */ = {isa = PBXBuildFile; fileRef = FF1858972058D4E600ADC0BC /* MainTableViewController.swift */; };
		FF18589E2059102300ADC0BC /* Demo.swift in Sources */ = {isa = PBXBuildFile; fileRef = FF18589D2059102300ADC0BC /* Demo.swift */; };
		FF1A833720A96F19001A1DF1 /* MarqueeViewController.swift in Sources */ = {isa = PBXBuildFile; fileRef = FF1A833620A96F19001A1DF1 /* MarqueeViewController.swift */; };
		FF1A833920A96F40001A1DF1 /* MarqueeView.swift in Sources */ = {isa = PBXBuildFile; fileRef = FF1A833820A96F40001A1DF1 /* MarqueeView.swift */; };
		FF1B312E212FEEF70030A5D0 /* String+Extension.swift in Sources */ = {isa = PBXBuildFile; fileRef = FF1B312D212FEEF70030A5D0 /* String+Extension.swift */; };
		FF2FFE762187F34400B886FF /* Codable+Extension.swift in Sources */ = {isa = PBXBuildFile; fileRef = FF2FFE752187F34400B886FF /* Codable+Extension.swift */; };
		FF32FA8D205F58BC006889A3 /* PayTheBillViewController.swift in Sources */ = {isa = PBXBuildFile; fileRef = FF32FA8B205F58BC006889A3 /* PayTheBillViewController.swift */; };
		FF32FA8E205F58BC006889A3 /* PayTheBillViewController.xib in Resources */ = {isa = PBXBuildFile; fileRef = FF32FA8C205F58BC006889A3 /* PayTheBillViewController.xib */; };
		FF32FA90205F68E6006889A3 /* PayTheBillTitleView.swift in Sources */ = {isa = PBXBuildFile; fileRef = FF32FA8F205F68E6006889A3 /* PayTheBillTitleView.swift */; };
		FF32FA92205F6944006889A3 /* PayTheBillTitleView.xib in Resources */ = {isa = PBXBuildFile; fileRef = FF32FA91205F6944006889A3 /* PayTheBillTitleView.xib */; };
		FF32FA94205F8A91006889A3 /* UIKit+Extension.swift in Sources */ = {isa = PBXBuildFile; fileRef = FF32FA93205F8A91006889A3 /* UIKit+Extension.swift */; };
		FF32FA96205F90C9006889A3 /* UIImage+Extension.swift in Sources */ = {isa = PBXBuildFile; fileRef = FF32FA95205F90C9006889A3 /* UIImage+Extension.swift */; };
		FF32FA98205F9784006889A3 /* PayTheBillHeaderView.swift in Sources */ = {isa = PBXBuildFile; fileRef = FF32FA97205F9784006889A3 /* PayTheBillHeaderView.swift */; };
		FF32FA9A205F9793006889A3 /* PayTheBillHeaderView.xib in Resources */ = {isa = PBXBuildFile; fileRef = FF32FA99205F9793006889A3 /* PayTheBillHeaderView.xib */; };
		FF32FA9C205FB1D0006889A3 /* DispatchQueue+Extension.swift in Sources */ = {isa = PBXBuildFile; fileRef = FF32FA9B205FB1D0006889A3 /* DispatchQueue+Extension.swift */; };
		FF36B58620BD011000ABF92C /* DatePickerDemoViewController.swift in Sources */ = {isa = PBXBuildFile; fileRef = FF36B58420BD011000ABF92C /* DatePickerDemoViewController.swift */; };
		FF36B58720BD011000ABF92C /* DatePickerDemoViewController.xib in Resources */ = {isa = PBXBuildFile; fileRef = FF36B58520BD011000ABF92C /* DatePickerDemoViewController.xib */; };
		FF395D602144C53E002D3C28 /* IMG_001.png in Resources */ = {isa = PBXBuildFile; fileRef = FF395D5F2144C53E002D3C28 /* IMG_001.png */; };
		FF395D622144C569002D3C28 /* BigImageTableViewController.swift in Sources */ = {isa = PBXBuildFile; fileRef = FF395D612144C569002D3C28 /* BigImageTableViewController.swift */; };
		FF395D662144C64A002D3C28 /* UIKitBigImageViewController.swift in Sources */ = {isa = PBXBuildFile; fileRef = FF395D642144C64A002D3C28 /* UIKitBigImageViewController.swift */; };
		FF395D672144C64A002D3C28 /* UIKitBigImageViewController.xib in Resources */ = {isa = PBXBuildFile; fileRef = FF395D652144C64A002D3C28 /* UIKitBigImageViewController.xib */; };
		FF395D6A2144CA7F002D3C28 /* CoreGraphicsBigImageViewController.swift in Sources */ = {isa = PBXBuildFile; fileRef = FF395D682144CA7F002D3C28 /* CoreGraphicsBigImageViewController.swift */; };
		FF395D6B2144CA7F002D3C28 /* CoreGraphicsBigImageViewController.xib in Resources */ = {isa = PBXBuildFile; fileRef = FF395D692144CA7F002D3C28 /* CoreGraphicsBigImageViewController.xib */; };
		FF58A08121C39DB80051CE8F /* LockBenchmarkViewController.swift in Sources */ = {isa = PBXBuildFile; fileRef = FF58A08021C39DB80051CE8F /* LockBenchmarkViewController.swift */; };
		FF59B15D2121618D00BD693E /* CTChartView.swift in Sources */ = {isa = PBXBuildFile; fileRef = FF59B15C2121618D00BD693E /* CTChartView.swift */; };
		FF59B15F2121636A00BD693E /* CTChartView.xib in Resources */ = {isa = PBXBuildFile; fileRef = FF59B15E2121636A00BD693E /* CTChartView.xib */; };
		FF59B162212169E900BD693E /* CTChartDemoViewController.swift in Sources */ = {isa = PBXBuildFile; fileRef = FF59B160212169E900BD693E /* CTChartDemoViewController.swift */; };
		FF59B163212169E900BD693E /* CTChartDemoViewController.xib in Resources */ = {isa = PBXBuildFile; fileRef = FF59B161212169E900BD693E /* CTChartDemoViewController.xib */; };
		FF64280021AE8D82003DF725 /* NetworkDependDemoVC.swift in Sources */ = {isa = PBXBuildFile; fileRef = FF6427FF21AE8D82003DF725 /* NetworkDependDemoVC.swift */; };
		FF6AA7E4214657B100BA1F51 /* CoreImageBigImageViewController.swift in Sources */ = {isa = PBXBuildFile; fileRef = FF6AA7E2214657B100BA1F51 /* CoreImageBigImageViewController.swift */; };
		FF6AA7E5214657B100BA1F51 /* CoreImageBigImageViewController.xib in Resources */ = {isa = PBXBuildFile; fileRef = FF6AA7E3214657B100BA1F51 /* CoreImageBigImageViewController.xib */; };
		FF707215212EABF70024C22C /* CTScrollChartDemoViewController.swift in Sources */ = {isa = PBXBuildFile; fileRef = FF707213212EABF70024C22C /* CTScrollChartDemoViewController.swift */; };
		FF707216212EABF70024C22C /* CTScrollChartDemoViewController.xib in Resources */ = {isa = PBXBuildFile; fileRef = FF707214212EABF70024C22C /* CTScrollChartDemoViewController.xib */; };
		FF707218212EAC680024C22C /* CTScrollBarTimeChartView.swift in Sources */ = {isa = PBXBuildFile; fileRef = FF707217212EAC680024C22C /* CTScrollBarTimeChartView.swift */; };
		FF7A5B132133A46A008D6DEC /* CTScrollBarChartView.swift in Sources */ = {isa = PBXBuildFile; fileRef = FF7A5B122133A46A008D6DEC /* CTScrollBarChartView.swift */; };
		FF7A645520F88C1F002AFBC0 /* DynamicAndStaticViewController.swift in Sources */ = {isa = PBXBuildFile; fileRef = FF7A645420F88C1F002AFBC0 /* DynamicAndStaticViewController.swift */; };
		FF7A645F20F88D3E002AFBC0 /* DynamicFramework.h in Headers */ = {isa = PBXBuildFile; fileRef = FF7A645D20F88D3E002AFBC0 /* DynamicFramework.h */; settings = {ATTRIBUTES = (Public, ); }; };
		FF7A646220F88D3E002AFBC0 /* DynamicFramework.framework in Frameworks */ = {isa = PBXBuildFile; fileRef = FF7A645B20F88D3E002AFBC0 /* DynamicFramework.framework */; };
		FF7A646320F88D3E002AFBC0 /* DynamicFramework.framework in Embed Frameworks */ = {isa = PBXBuildFile; fileRef = FF7A645B20F88D3E002AFBC0 /* DynamicFramework.framework */; settings = {ATTRIBUTES = (CodeSignOnCopy, RemoveHeadersOnCopy, ); }; };
		FF7A646B20F88D6E002AFBC0 /* DynamicFramework.bundle in Resources */ = {isa = PBXBuildFile; fileRef = FF7A646820F88D6E002AFBC0 /* DynamicFramework.bundle */; };
		FF7A646C20F88D6E002AFBC0 /* DynamicFrameworkView.swift in Sources */ = {isa = PBXBuildFile; fileRef = FF7A646920F88D6E002AFBC0 /* DynamicFrameworkView.swift */; };
		FF7A646D20F88D6E002AFBC0 /* UIImage+Extension.swift in Sources */ = {isa = PBXBuildFile; fileRef = FF7A646A20F88D6E002AFBC0 /* UIImage+Extension.swift */; };
		FF7A647720F88D9D002AFBC0 /* StaticFramework.h in Headers */ = {isa = PBXBuildFile; fileRef = FF7A647520F88D9D002AFBC0 /* StaticFramework.h */; settings = {ATTRIBUTES = (Public, ); }; };
		FF7A647A20F88D9D002AFBC0 /* StaticFramework.framework in Frameworks */ = {isa = PBXBuildFile; fileRef = FF7A647320F88D9D002AFBC0 /* StaticFramework.framework */; };
		FF7A647B20F88D9D002AFBC0 /* StaticFramework.framework in Embed Frameworks */ = {isa = PBXBuildFile; fileRef = FF7A647320F88D9D002AFBC0 /* StaticFramework.framework */; settings = {ATTRIBUTES = (CodeSignOnCopy, RemoveHeadersOnCopy, ); }; };
		FF7A648220F88DBE002AFBC0 /* StaticFramework.bundle in Resources */ = {isa = PBXBuildFile; fileRef = FF7A647F20F88DBE002AFBC0 /* StaticFramework.bundle */; };
		FF7A648320F88DBE002AFBC0 /* UIImage+Extension.swift in Sources */ = {isa = PBXBuildFile; fileRef = FF7A648020F88DBE002AFBC0 /* UIImage+Extension.swift */; };
		FF7A648420F88DBE002AFBC0 /* StaticFrameworkView.swift in Sources */ = {isa = PBXBuildFile; fileRef = FF7A648120F88DBE002AFBC0 /* StaticFrameworkView.swift */; };
		FF824772217D6C7D00B2F334 /* OffScreenTableViewController.swift in Sources */ = {isa = PBXBuildFile; fileRef = FF824771217D6C7D00B2F334 /* OffScreenTableViewController.swift */; };
		FF824774217D6C9B00B2F334 /* OffScreenTableViewControllerCell.swift in Sources */ = {isa = PBXBuildFile; fileRef = FF824773217D6C9B00B2F334 /* OffScreenTableViewControllerCell.swift */; };
		FF824779217ECA2400B2F334 /* ResponderViewController.swift in Sources */ = {isa = PBXBuildFile; fileRef = FF824778217ECA2400B2F334 /* ResponderViewController.swift */; };
		FF82477D217F009000B2F334 /* ResponderDetailViewController.swift in Sources */ = {isa = PBXBuildFile; fileRef = FF82477C217F009000B2F334 /* ResponderDetailViewController.swift */; };
		FF824781217F099600B2F334 /* BigTouchLabel.swift in Sources */ = {isa = PBXBuildFile; fileRef = FF824780217F099600B2F334 /* BigTouchLabel.swift */; };
		FF824783217F09AE00B2F334 /* IgnoreTouchLabel.swift in Sources */ = {isa = PBXBuildFile; fileRef = FF824782217F09AE00B2F334 /* IgnoreTouchLabel.swift */; };
		FF82E7B921798A9E00646650 /* OffScreenViewController.swift in Sources */ = {isa = PBXBuildFile; fileRef = FF82E7B821798A9E00646650 /* OffScreenViewController.swift */; };
		FF9E86FE21C8979000D87C69 /* OCLockBenchmark.m in Sources */ = {isa = PBXBuildFile; fileRef = FF9E86FD21C8979000D87C69 /* OCLockBenchmark.m */; };
		FFA7004620AC185D0073DBF5 /* ThreeTouchPreviewActionDelegate.swift in Sources */ = {isa = PBXBuildFile; fileRef = FFA7004520AC185D0073DBF5 /* ThreeTouchPreviewActionDelegate.swift */; };
		FFA7004A20AC27C60073DBF5 /* PeekViewController.swift in Sources */ = {isa = PBXBuildFile; fileRef = FFA7004920AC27C60073DBF5 /* PeekViewController.swift */; };
		FFD056AB205912F300A6F5AE /* UIColor+Extension.swift in Sources */ = {isa = PBXBuildFile; fileRef = FFD056AA205912F300A6F5AE /* UIColor+Extension.swift */; };
		FFD056AE2059134200A6F5AE /* UIDevice+Extension.swift in Sources */ = {isa = PBXBuildFile; fileRef = FFD056AD2059134200A6F5AE /* UIDevice+Extension.swift */; };
		FFD056B1205913CA00A6F5AE /* AnimationViewController.xib in Resources */ = {isa = PBXBuildFile; fileRef = FFD056AF205913CA00A6F5AE /* AnimationViewController.xib */; };
		FFD056B2205913CA00A6F5AE /* AnimationViewController.swift in Sources */ = {isa = PBXBuildFile; fileRef = FFD056B0205913CA00A6F5AE /* AnimationViewController.swift */; };
		FFD056B62059238A00A6F5AE /* ClockOffButton.swift in Sources */ = {isa = PBXBuildFile; fileRef = FFD056B42059238A00A6F5AE /* ClockOffButton.swift */; };
		FFD056B72059238A00A6F5AE /* ClockOffViewController.swift in Sources */ = {isa = PBXBuildFile; fileRef = FFD056B52059238A00A6F5AE /* ClockOffViewController.swift */; };
		FFE4A23720BB9B6300939E00 /* DatePickerView.swift in Sources */ = {isa = PBXBuildFile; fileRef = FFE4A23620BB9B6300939E00 /* DatePickerView.swift */; };
		FFE4A23920BBA71400939E00 /* DatePickerView.xib in Resources */ = {isa = PBXBuildFile; fileRef = FFE4A23820BBA71400939E00 /* DatePickerView.xib */; };
		FFF763CE20CA786700E479B7 /* DateExtensionTests.swift in Sources */ = {isa = PBXBuildFile; fileRef = FFF763CD20CA786700E479B7 /* DateExtensionTests.swift */; };
/* End PBXBuildFile section */

/* Begin PBXContainerItemProxy section */
		FF1858892058CAC400ADC0BC /* PBXContainerItemProxy */ = {
			isa = PBXContainerItemProxy;
			containerPortal = FF18586C2058CAC400ADC0BC /* Project object */;
			proxyType = 1;
			remoteGlobalIDString = FF1858732058CAC400ADC0BC;
			remoteInfo = DemoSwift;
		};
		FF7A646020F88D3E002AFBC0 /* PBXContainerItemProxy */ = {
			isa = PBXContainerItemProxy;
			containerPortal = FF18586C2058CAC400ADC0BC /* Project object */;
			proxyType = 1;
			remoteGlobalIDString = FF7A645A20F88D3E002AFBC0;
			remoteInfo = DynamicFramework;
		};
		FF7A647820F88D9D002AFBC0 /* PBXContainerItemProxy */ = {
			isa = PBXContainerItemProxy;
			containerPortal = FF18586C2058CAC400ADC0BC /* Project object */;
			proxyType = 1;
			remoteGlobalIDString = FF7A647220F88D9D002AFBC0;
			remoteInfo = StaticFramework;
		};
/* End PBXContainerItemProxy section */

/* Begin PBXCopyFilesBuildPhase section */
		FF7A646720F88D3E002AFBC0 /* Embed Frameworks */ = {
			isa = PBXCopyFilesBuildPhase;
			buildActionMask = 2147483647;
			dstPath = "";
			dstSubfolderSpec = 10;
			files = (
				FF7A646320F88D3E002AFBC0 /* DynamicFramework.framework in Embed Frameworks */,
				FF7A647B20F88D9D002AFBC0 /* StaticFramework.framework in Embed Frameworks */,
			);
			name = "Embed Frameworks";
			runOnlyForDeploymentPostprocessing = 0;
		};
/* End PBXCopyFilesBuildPhase section */

/* Begin PBXFileReference section */
		5B13615F269C7A0A00A70DFF /* transparent_001.png */ = {isa = PBXFileReference; lastKnownFileType = image.png; path = transparent_001.png; sourceTree = "<group>"; };
		5B136165269D804200A70DFF /* AppleDownsampleViewController.swift */ = {isa = PBXFileReference; lastKnownFileType = sourcecode.swift; path = AppleDownsampleViewController.swift; sourceTree = "<group>"; };
		5B136167269EE10C00A70DFF /* ant@3x.png */ = {isa = PBXFileReference; lastKnownFileType = image.png; path = "ant@3x.png"; sourceTree = "<group>"; };
		5B136169269FC00F00A70DFF /* Data+Extension.swift */ = {isa = PBXFileReference; lastKnownFileType = sourcecode.swift; path = "Data+Extension.swift"; sourceTree = "<group>"; };
		5B2FD74426AE55B4004EC22E /* ImageTableViewController.swift */ = {isa = PBXFileReference; lastKnownFileType = sourcecode.swift; path = ImageTableViewController.swift; sourceTree = "<group>"; };
		5B2FD74726AE5902004EC22E /* NinePatchImageFactory.swift */ = {isa = PBXFileReference; fileEncoding = 4; lastKnownFileType = sourcecode.swift; path = NinePatchImageFactory.swift; sourceTree = "<group>"; };
		5B2FD74A26AE59A4004EC22E /* android.9.png */ = {isa = PBXFileReference; lastKnownFileType = image.png; path = android.9.png; sourceTree = "<group>"; };
		5B2FD74C26AE8F0A004EC22E /* NinePatchImageViewController1.swift */ = {isa = PBXFileReference; lastKnownFileType = sourcecode.swift; path = NinePatchImageViewController1.swift; sourceTree = "<group>"; };
		5B2FD75126AEB269004EC22E /* NinePatchImageViewController2.swift */ = {isa = PBXFileReference; lastKnownFileType = sourcecode.swift; path = NinePatchImageViewController2.swift; sourceTree = "<group>"; };
		5B2FD75326AED174004EC22E /* NinePatchImageTest.swift */ = {isa = PBXFileReference; lastKnownFileType = sourcecode.swift; path = NinePatchImageTest.swift; sourceTree = "<group>"; };
		5B2FD75526AED431004EC22E /* DownsampleViewController.swift */ = {isa = PBXFileReference; lastKnownFileType = sourcecode.swift; path = DownsampleViewController.swift; sourceTree = "<group>"; };
		5B2FD75726AEDB97004EC22E /* large_leaves_70mp.jpg */ = {isa = PBXFileReference; lastKnownFileType = image.jpeg; path = large_leaves_70mp.jpg; sourceTree = "<group>"; };
		5B4DFC942563A5690033F272 /* CountdownViewController.swift */ = {isa = PBXFileReference; lastKnownFileType = sourcecode.swift; path = CountdownViewController.swift; sourceTree = "<group>"; };
		5B4DFC9D2563AA680033F272 /* CountdownTimer.swift */ = {isa = PBXFileReference; lastKnownFileType = sourcecode.swift; path = CountdownTimer.swift; sourceTree = "<group>"; };
		5B4DFCA22563AD8F0033F272 /* CountdownButton.swift */ = {isa = PBXFileReference; lastKnownFileType = sourcecode.swift; path = CountdownButton.swift; sourceTree = "<group>"; };
		5B5AE47226B2B15D0089D311 /* UIApplication+Extension.swift */ = {isa = PBXFileReference; lastKnownFileType = sourcecode.swift; path = "UIApplication+Extension.swift"; sourceTree = "<group>"; };
		5B62613527560F7F00681662 /* DesignPatternsViewController.swift */ = {isa = PBXFileReference; lastKnownFileType = sourcecode.swift; path = DesignPatternsViewController.swift; sourceTree = "<group>"; };
		5B62613E275627EF00681662 /* SFShoesProtocol.swift */ = {isa = PBXFileReference; lastKnownFileType = sourcecode.swift; path = SFShoesProtocol.swift; sourceTree = "<group>"; };
		5B626140275628C300681662 /* SFAdiWang.swift */ = {isa = PBXFileReference; lastKnownFileType = sourcecode.swift; path = SFAdiWang.swift; sourceTree = "<group>"; };
		5B6261422756299300681662 /* SFNike.swift */ = {isa = PBXFileReference; lastKnownFileType = sourcecode.swift; path = SFNike.swift; sourceTree = "<group>"; };
		5B626144275629DA00681662 /* SFFactory.swift */ = {isa = PBXFileReference; lastKnownFileType = sourcecode.swift; path = SFFactory.swift; sourceTree = "<group>"; };
		5B6261472756428D00681662 /* FFactory.swift */ = {isa = PBXFileReference; lastKnownFileType = sourcecode.swift; path = FFactory.swift; sourceTree = "<group>"; };
		5B6261492756436900681662 /* FShoes.swift */ = {isa = PBXFileReference; lastKnownFileType = sourcecode.swift; path = FShoes.swift; sourceTree = "<group>"; };
		5B62614B275643EE00681662 /* FAdiWang.swift */ = {isa = PBXFileReference; lastKnownFileType = sourcecode.swift; path = FAdiWang.swift; sourceTree = "<group>"; };
		5B62614D2756442500681662 /* FNike.swift */ = {isa = PBXFileReference; lastKnownFileType = sourcecode.swift; path = FNike.swift; sourceTree = "<group>"; };
		5B62614F2756445C00681662 /* FFactoryAdiWang.swift */ = {isa = PBXFileReference; lastKnownFileType = sourcecode.swift; path = FFactoryAdiWang.swift; sourceTree = "<group>"; };
		5B6261512756448B00681662 /* FFactoryNike.swift */ = {isa = PBXFileReference; lastKnownFileType = sourcecode.swift; path = FFactoryNike.swift; sourceTree = "<group>"; };
		5B626154275715DC00681662 /* AFShoesProtocol.swift */ = {isa = PBXFileReference; lastKnownFileType = sourcecode.swift; path = AFShoesProtocol.swift; sourceTree = "<group>"; };
		5B6261562757161A00681662 /* AFNike.swift */ = {isa = PBXFileReference; fileEncoding = 4; lastKnownFileType = sourcecode.swift; path = AFNike.swift; sourceTree = "<group>"; };
		5B62615A2757164F00681662 /* AFAdiWang.swift */ = {isa = PBXFileReference; fileEncoding = 4; lastKnownFileType = sourcecode.swift; path = AFAdiWang.swift; sourceTree = "<group>"; };
		5B62615C2757169F00681662 /* AFFactoryNike.swift */ = {isa = PBXFileReference; fileEncoding = 4; lastKnownFileType = sourcecode.swift; path = AFFactoryNike.swift; sourceTree = "<group>"; };
		5B62615D2757169F00681662 /* AFFactory.swift */ = {isa = PBXFileReference; fileEncoding = 4; lastKnownFileType = sourcecode.swift; path = AFFactory.swift; sourceTree = "<group>"; };
		5B62615E2757169F00681662 /* AFFactoryAdiWang.swift */ = {isa = PBXFileReference; fileEncoding = 4; lastKnownFileType = sourcecode.swift; path = AFFactoryAdiWang.swift; sourceTree = "<group>"; };
		5B75ABAE2564F33300DB70B7 /* ReflectViewController.swift */ = {isa = PBXFileReference; lastKnownFileType = sourcecode.swift; path = ReflectViewController.swift; sourceTree = "<group>"; };
		5B75ABB62564F35100DB70B7 /* ReflectBaseModel.swift */ = {isa = PBXFileReference; lastKnownFileType = sourcecode.swift; path = ReflectBaseModel.swift; sourceTree = "<group>"; };
		5B75ABDE2565113F00DB70B7 /* LocationViewController.swift */ = {isa = PBXFileReference; lastKnownFileType = sourcecode.swift; path = LocationViewController.swift; sourceTree = "<group>"; };
		5B83B37126B2CEDF001FE25D /* ManualDecodeViewController.swift */ = {isa = PBXFileReference; lastKnownFileType = sourcecode.swift; path = ManualDecodeViewController.swift; sourceTree = "<group>"; };
		5B83B37226B2CEDF001FE25D /* ManualDecodeViewController.xib */ = {isa = PBXFileReference; lastKnownFileType = file.xib; path = ManualDecodeViewController.xib; sourceTree = "<group>"; };
		5B83B37526B2D5F9001FE25D /* Number+Extension.swift */ = {isa = PBXFileReference; lastKnownFileType = sourcecode.swift; path = "Number+Extension.swift"; sourceTree = "<group>"; };
		5BDFD406260876280026F059 /* UILabelMultipleTapController.swift */ = {isa = PBXFileReference; lastKnownFileType = sourcecode.swift; path = UILabelMultipleTapController.swift; sourceTree = "<group>"; };
		5BE9D2A3266790190099B8B4 /* TimerCycleViewController.swift */ = {isa = PBXFileReference; lastKnownFileType = sourcecode.swift; path = TimerCycleViewController.swift; sourceTree = "<group>"; };
		5BE9D2A52667A3510099B8B4 /* OCTimerLeakViewController.h */ = {isa = PBXFileReference; lastKnownFileType = sourcecode.c.h; path = OCTimerLeakViewController.h; sourceTree = "<group>"; };
		5BE9D2A62667A3510099B8B4 /* OCTimerLeakViewController.m */ = {isa = PBXFileReference; lastKnownFileType = sourcecode.c.objc; path = OCTimerLeakViewController.m; sourceTree = "<group>"; };
		5BE9D2D0266876850099B8B4 /* WeakTimer.m */ = {isa = PBXFileReference; fileEncoding = 4; lastKnownFileType = sourcecode.c.objc; path = WeakTimer.m; sourceTree = "<group>"; };
		5BE9D2D1266876850099B8B4 /* WeakTimer.h */ = {isa = PBXFileReference; fileEncoding = 4; lastKnownFileType = sourcecode.c.h; path = WeakTimer.h; sourceTree = "<group>"; };
		5BE9D2D3266877ED0099B8B4 /* WeakTimerSwift.swift */ = {isa = PBXFileReference; fileEncoding = 4; lastKnownFileType = sourcecode.swift; path = WeakTimerSwift.swift; sourceTree = "<group>"; };
		5BE9D2D4266877ED0099B8B4 /* TimerCycleSwiftViewController.swift */ = {isa = PBXFileReference; fileEncoding = 4; lastKnownFileType = sourcecode.swift; path = TimerCycleSwiftViewController.swift; sourceTree = "<group>"; };
		6EF8CEF4C2E4AADE70875566 /* Pods-DemoSwiftTests.release.xcconfig */ = {isa = PBXFileReference; includeInIndex = 1; lastKnownFileType = text.xcconfig; name = "Pods-DemoSwiftTests.release.xcconfig"; path = "Pods/Target Support Files/Pods-DemoSwiftTests/Pods-DemoSwiftTests.release.xcconfig"; sourceTree = "<group>"; };
		8980D18AD2141E62C2B41318 /* Pods-DemoSwift.debug.xcconfig */ = {isa = PBXFileReference; includeInIndex = 1; lastKnownFileType = text.xcconfig; name = "Pods-DemoSwift.debug.xcconfig"; path = "Pods/Target Support Files/Pods-DemoSwift/Pods-DemoSwift.debug.xcconfig"; sourceTree = "<group>"; };
		9853D24A50FA9FF3CD008B8D /* Pods-DemoSwift.release.xcconfig */ = {isa = PBXFileReference; includeInIndex = 1; lastKnownFileType = text.xcconfig; name = "Pods-DemoSwift.release.xcconfig"; path = "Pods/Target Support Files/Pods-DemoSwift/Pods-DemoSwift.release.xcconfig"; sourceTree = "<group>"; };
		9C715A2723672CE400F8DA36 /* ResponderDetailTwoViewController.swift */ = {isa = PBXFileReference; lastKnownFileType = sourcecode.swift; path = ResponderDetailTwoViewController.swift; sourceTree = "<group>"; };
		B041FB317087741D521495CA /* Pods_DemoSwift.framework */ = {isa = PBXFileReference; explicitFileType = wrapper.framework; includeInIndex = 0; path = Pods_DemoSwift.framework; sourceTree = BUILT_PRODUCTS_DIR; };
		D3244A00694BA58B5798D424 /* Pods-DemoSwiftTests.debug.xcconfig */ = {isa = PBXFileReference; includeInIndex = 1; lastKnownFileType = text.xcconfig; name = "Pods-DemoSwiftTests.debug.xcconfig"; path = "Pods/Target Support Files/Pods-DemoSwiftTests/Pods-DemoSwiftTests.debug.xcconfig"; sourceTree = "<group>"; };
		E15DF14BAB5BD5307EA55039 /* Pods_DemoSwiftTests.framework */ = {isa = PBXFileReference; explicitFileType = wrapper.framework; includeInIndex = 0; path = Pods_DemoSwiftTests.framework; sourceTree = BUILT_PRODUCTS_DIR; };
		FF00784921C37E0A001F367D /* MyPlayground.playground */ = {isa = PBXFileReference; lastKnownFileType = file.playground; path = MyPlayground.playground; sourceTree = "<group>"; xcLanguageSpecificationIdentifier = xcode.lang.swift; };
		FF044C0F20C9112600EDE2B6 /* Date+Extension.swift */ = {isa = PBXFileReference; lastKnownFileType = sourcecode.swift; path = "Date+Extension.swift"; sourceTree = "<group>"; };
		FF05DE222148C60F00E3D5EA /* OriginImageViewController.swift */ = {isa = PBXFileReference; lastKnownFileType = sourcecode.swift; path = OriginImageViewController.swift; sourceTree = "<group>"; };
		FF05DE232148C60F00E3D5EA /* OriginImageViewController.xib */ = {isa = PBXFileReference; lastKnownFileType = file.xib; path = OriginImageViewController.xib; sourceTree = "<group>"; };
		FF05DE262148E35200E3D5EA /* BigImageTests.swift */ = {isa = PBXFileReference; lastKnownFileType = sourcecode.swift; path = BigImageTests.swift; sourceTree = "<group>"; };
		FF05DE282148FDCB00E3D5EA /* ImageIOBigImageViewController.swift */ = {isa = PBXFileReference; lastKnownFileType = sourcecode.swift; path = ImageIOBigImageViewController.swift; sourceTree = "<group>"; };
		FF05DE292148FDCB00E3D5EA /* ImageIOBigImageViewController.xib */ = {isa = PBXFileReference; lastKnownFileType = file.xib; path = ImageIOBigImageViewController.xib; sourceTree = "<group>"; };
		FF1858742058CAC400ADC0BC /* DemoSwift.app */ = {isa = PBXFileReference; explicitFileType = wrapper.application; includeInIndex = 0; path = DemoSwift.app; sourceTree = BUILT_PRODUCTS_DIR; };
		FF1858772058CAC400ADC0BC /* AppDelegate.swift */ = {isa = PBXFileReference; lastKnownFileType = sourcecode.swift; path = AppDelegate.swift; sourceTree = "<group>"; };
		FF18587C2058CAC400ADC0BC /* Base */ = {isa = PBXFileReference; lastKnownFileType = file.storyboard; name = Base; path = Base.lproj/Main.storyboard; sourceTree = "<group>"; };
		FF18587E2058CAC400ADC0BC /* Assets.xcassets */ = {isa = PBXFileReference; lastKnownFileType = folder.assetcatalog; path = Assets.xcassets; sourceTree = "<group>"; };
		FF1858812058CAC400ADC0BC /* Base */ = {isa = PBXFileReference; lastKnownFileType = file.storyboard; name = Base; path = Base.lproj/LaunchScreen.storyboard; sourceTree = "<group>"; };
		FF1858832058CAC400ADC0BC /* Info.plist */ = {isa = PBXFileReference; lastKnownFileType = text.plist.xml; path = Info.plist; sourceTree = "<group>"; };
		FF1858882058CAC400ADC0BC /* DemoSwiftTests.xctest */ = {isa = PBXFileReference; explicitFileType = wrapper.cfbundle; includeInIndex = 0; path = DemoSwiftTests.xctest; sourceTree = BUILT_PRODUCTS_DIR; };
		FF18588C2058CAC400ADC0BC /* DemoSwiftTests.swift */ = {isa = PBXFileReference; lastKnownFileType = sourcecode.swift; path = DemoSwiftTests.swift; sourceTree = "<group>"; };
		FF18588E2058CAC400ADC0BC /* Info.plist */ = {isa = PBXFileReference; lastKnownFileType = text.plist.xml; path = Info.plist; sourceTree = "<group>"; };
		FF1858972058D4E600ADC0BC /* MainTableViewController.swift */ = {isa = PBXFileReference; lastKnownFileType = sourcecode.swift; path = MainTableViewController.swift; sourceTree = "<group>"; };
		FF18589D2059102300ADC0BC /* Demo.swift */ = {isa = PBXFileReference; lastKnownFileType = sourcecode.swift; path = Demo.swift; sourceTree = "<group>"; };
		FF1A833620A96F19001A1DF1 /* MarqueeViewController.swift */ = {isa = PBXFileReference; lastKnownFileType = sourcecode.swift; path = MarqueeViewController.swift; sourceTree = "<group>"; };
		FF1A833820A96F40001A1DF1 /* MarqueeView.swift */ = {isa = PBXFileReference; lastKnownFileType = sourcecode.swift; path = MarqueeView.swift; sourceTree = "<group>"; };
		FF1B312D212FEEF70030A5D0 /* String+Extension.swift */ = {isa = PBXFileReference; lastKnownFileType = sourcecode.swift; path = "String+Extension.swift"; sourceTree = "<group>"; };
		FF2FFE752187F34400B886FF /* Codable+Extension.swift */ = {isa = PBXFileReference; lastKnownFileType = sourcecode.swift; path = "Codable+Extension.swift"; sourceTree = "<group>"; };
		FF32FA8B205F58BC006889A3 /* PayTheBillViewController.swift */ = {isa = PBXFileReference; lastKnownFileType = sourcecode.swift; path = PayTheBillViewController.swift; sourceTree = "<group>"; };
		FF32FA8C205F58BC006889A3 /* PayTheBillViewController.xib */ = {isa = PBXFileReference; lastKnownFileType = file.xib; path = PayTheBillViewController.xib; sourceTree = "<group>"; };
		FF32FA8F205F68E6006889A3 /* PayTheBillTitleView.swift */ = {isa = PBXFileReference; lastKnownFileType = sourcecode.swift; path = PayTheBillTitleView.swift; sourceTree = "<group>"; };
		FF32FA91205F6944006889A3 /* PayTheBillTitleView.xib */ = {isa = PBXFileReference; lastKnownFileType = file.xib; path = PayTheBillTitleView.xib; sourceTree = "<group>"; };
		FF32FA93205F8A91006889A3 /* UIKit+Extension.swift */ = {isa = PBXFileReference; lastKnownFileType = sourcecode.swift; path = "UIKit+Extension.swift"; sourceTree = "<group>"; };
		FF32FA95205F90C9006889A3 /* UIImage+Extension.swift */ = {isa = PBXFileReference; lastKnownFileType = sourcecode.swift; path = "UIImage+Extension.swift"; sourceTree = "<group>"; };
		FF32FA97205F9784006889A3 /* PayTheBillHeaderView.swift */ = {isa = PBXFileReference; lastKnownFileType = sourcecode.swift; path = PayTheBillHeaderView.swift; sourceTree = "<group>"; };
		FF32FA99205F9793006889A3 /* PayTheBillHeaderView.xib */ = {isa = PBXFileReference; lastKnownFileType = file.xib; path = PayTheBillHeaderView.xib; sourceTree = "<group>"; };
		FF32FA9B205FB1D0006889A3 /* DispatchQueue+Extension.swift */ = {isa = PBXFileReference; lastKnownFileType = sourcecode.swift; path = "DispatchQueue+Extension.swift"; sourceTree = "<group>"; };
		FF36B58420BD011000ABF92C /* DatePickerDemoViewController.swift */ = {isa = PBXFileReference; lastKnownFileType = sourcecode.swift; path = DatePickerDemoViewController.swift; sourceTree = "<group>"; };
		FF36B58520BD011000ABF92C /* DatePickerDemoViewController.xib */ = {isa = PBXFileReference; lastKnownFileType = file.xib; path = DatePickerDemoViewController.xib; sourceTree = "<group>"; };
		FF395D5F2144C53E002D3C28 /* IMG_001.png */ = {isa = PBXFileReference; lastKnownFileType = image.png; path = IMG_001.png; sourceTree = "<group>"; };
		FF395D612144C569002D3C28 /* BigImageTableViewController.swift */ = {isa = PBXFileReference; lastKnownFileType = sourcecode.swift; path = BigImageTableViewController.swift; sourceTree = "<group>"; };
		FF395D642144C64A002D3C28 /* UIKitBigImageViewController.swift */ = {isa = PBXFileReference; lastKnownFileType = sourcecode.swift; path = UIKitBigImageViewController.swift; sourceTree = "<group>"; };
		FF395D652144C64A002D3C28 /* UIKitBigImageViewController.xib */ = {isa = PBXFileReference; lastKnownFileType = file.xib; path = UIKitBigImageViewController.xib; sourceTree = "<group>"; };
		FF395D682144CA7F002D3C28 /* CoreGraphicsBigImageViewController.swift */ = {isa = PBXFileReference; lastKnownFileType = sourcecode.swift; path = CoreGraphicsBigImageViewController.swift; sourceTree = "<group>"; };
		FF395D692144CA7F002D3C28 /* CoreGraphicsBigImageViewController.xib */ = {isa = PBXFileReference; lastKnownFileType = file.xib; path = CoreGraphicsBigImageViewController.xib; sourceTree = "<group>"; };
		FF58A08021C39DB80051CE8F /* LockBenchmarkViewController.swift */ = {isa = PBXFileReference; lastKnownFileType = sourcecode.swift; path = LockBenchmarkViewController.swift; sourceTree = "<group>"; };
		FF59B15C2121618D00BD693E /* CTChartView.swift */ = {isa = PBXFileReference; lastKnownFileType = sourcecode.swift; path = CTChartView.swift; sourceTree = "<group>"; };
		FF59B15E2121636A00BD693E /* CTChartView.xib */ = {isa = PBXFileReference; lastKnownFileType = file.xib; path = CTChartView.xib; sourceTree = "<group>"; };
		FF59B160212169E900BD693E /* CTChartDemoViewController.swift */ = {isa = PBXFileReference; lastKnownFileType = sourcecode.swift; path = CTChartDemoViewController.swift; sourceTree = "<group>"; };
		FF59B161212169E900BD693E /* CTChartDemoViewController.xib */ = {isa = PBXFileReference; lastKnownFileType = file.xib; path = CTChartDemoViewController.xib; sourceTree = "<group>"; };
		FF6427FF21AE8D82003DF725 /* NetworkDependDemoVC.swift */ = {isa = PBXFileReference; lastKnownFileType = sourcecode.swift; path = NetworkDependDemoVC.swift; sourceTree = "<group>"; };
		FF6AA7E2214657B100BA1F51 /* CoreImageBigImageViewController.swift */ = {isa = PBXFileReference; lastKnownFileType = sourcecode.swift; path = CoreImageBigImageViewController.swift; sourceTree = "<group>"; };
		FF6AA7E3214657B100BA1F51 /* CoreImageBigImageViewController.xib */ = {isa = PBXFileReference; lastKnownFileType = file.xib; path = CoreImageBigImageViewController.xib; sourceTree = "<group>"; };
		FF707213212EABF70024C22C /* CTScrollChartDemoViewController.swift */ = {isa = PBXFileReference; lastKnownFileType = sourcecode.swift; path = CTScrollChartDemoViewController.swift; sourceTree = "<group>"; };
		FF707214212EABF70024C22C /* CTScrollChartDemoViewController.xib */ = {isa = PBXFileReference; lastKnownFileType = file.xib; path = CTScrollChartDemoViewController.xib; sourceTree = "<group>"; };
		FF707217212EAC680024C22C /* CTScrollBarTimeChartView.swift */ = {isa = PBXFileReference; lastKnownFileType = sourcecode.swift; path = CTScrollBarTimeChartView.swift; sourceTree = "<group>"; };
		FF7A5B122133A46A008D6DEC /* CTScrollBarChartView.swift */ = {isa = PBXFileReference; lastKnownFileType = sourcecode.swift; path = CTScrollBarChartView.swift; sourceTree = "<group>"; };
		FF7A645420F88C1F002AFBC0 /* DynamicAndStaticViewController.swift */ = {isa = PBXFileReference; lastKnownFileType = sourcecode.swift; path = DynamicAndStaticViewController.swift; sourceTree = "<group>"; };
		FF7A645B20F88D3E002AFBC0 /* DynamicFramework.framework */ = {isa = PBXFileReference; explicitFileType = wrapper.framework; includeInIndex = 0; path = DynamicFramework.framework; sourceTree = BUILT_PRODUCTS_DIR; };
		FF7A645D20F88D3E002AFBC0 /* DynamicFramework.h */ = {isa = PBXFileReference; lastKnownFileType = sourcecode.c.h; path = DynamicFramework.h; sourceTree = "<group>"; };
		FF7A645E20F88D3E002AFBC0 /* Info.plist */ = {isa = PBXFileReference; lastKnownFileType = text.plist.xml; path = Info.plist; sourceTree = "<group>"; };
		FF7A646820F88D6E002AFBC0 /* DynamicFramework.bundle */ = {isa = PBXFileReference; lastKnownFileType = "wrapper.plug-in"; path = DynamicFramework.bundle; sourceTree = "<group>"; };
		FF7A646920F88D6E002AFBC0 /* DynamicFrameworkView.swift */ = {isa = PBXFileReference; fileEncoding = 4; lastKnownFileType = sourcecode.swift; path = DynamicFrameworkView.swift; sourceTree = "<group>"; };
		FF7A646A20F88D6E002AFBC0 /* UIImage+Extension.swift */ = {isa = PBXFileReference; fileEncoding = 4; lastKnownFileType = sourcecode.swift; path = "UIImage+Extension.swift"; sourceTree = "<group>"; };
		FF7A647320F88D9D002AFBC0 /* StaticFramework.framework */ = {isa = PBXFileReference; explicitFileType = wrapper.framework; includeInIndex = 0; path = StaticFramework.framework; sourceTree = BUILT_PRODUCTS_DIR; };
		FF7A647520F88D9D002AFBC0 /* StaticFramework.h */ = {isa = PBXFileReference; lastKnownFileType = sourcecode.c.h; path = StaticFramework.h; sourceTree = "<group>"; };
		FF7A647620F88D9D002AFBC0 /* Info.plist */ = {isa = PBXFileReference; lastKnownFileType = text.plist.xml; path = Info.plist; sourceTree = "<group>"; };
		FF7A647F20F88DBE002AFBC0 /* StaticFramework.bundle */ = {isa = PBXFileReference; lastKnownFileType = "wrapper.plug-in"; path = StaticFramework.bundle; sourceTree = "<group>"; };
		FF7A648020F88DBE002AFBC0 /* UIImage+Extension.swift */ = {isa = PBXFileReference; fileEncoding = 4; lastKnownFileType = sourcecode.swift; path = "UIImage+Extension.swift"; sourceTree = "<group>"; };
		FF7A648120F88DBE002AFBC0 /* StaticFrameworkView.swift */ = {isa = PBXFileReference; fileEncoding = 4; lastKnownFileType = sourcecode.swift; path = StaticFrameworkView.swift; sourceTree = "<group>"; };
		FF824771217D6C7D00B2F334 /* OffScreenTableViewController.swift */ = {isa = PBXFileReference; lastKnownFileType = sourcecode.swift; path = OffScreenTableViewController.swift; sourceTree = "<group>"; };
		FF824773217D6C9B00B2F334 /* OffScreenTableViewControllerCell.swift */ = {isa = PBXFileReference; lastKnownFileType = sourcecode.swift; path = OffScreenTableViewControllerCell.swift; sourceTree = "<group>"; };
		FF824778217ECA2400B2F334 /* ResponderViewController.swift */ = {isa = PBXFileReference; lastKnownFileType = sourcecode.swift; path = ResponderViewController.swift; sourceTree = "<group>"; };
		FF82477C217F009000B2F334 /* ResponderDetailViewController.swift */ = {isa = PBXFileReference; lastKnownFileType = sourcecode.swift; path = ResponderDetailViewController.swift; sourceTree = "<group>"; };
		FF824780217F099600B2F334 /* BigTouchLabel.swift */ = {isa = PBXFileReference; lastKnownFileType = sourcecode.swift; path = BigTouchLabel.swift; sourceTree = "<group>"; };
		FF824782217F09AE00B2F334 /* IgnoreTouchLabel.swift */ = {isa = PBXFileReference; lastKnownFileType = sourcecode.swift; path = IgnoreTouchLabel.swift; sourceTree = "<group>"; };
		FF82E7B821798A9E00646650 /* OffScreenViewController.swift */ = {isa = PBXFileReference; lastKnownFileType = sourcecode.swift; path = OffScreenViewController.swift; sourceTree = "<group>"; };
		FF9E86F821C8970600D87C69 /* DemoSwift-Bridging-Header.h */ = {isa = PBXFileReference; lastKnownFileType = sourcecode.c.h; path = "DemoSwift-Bridging-Header.h"; sourceTree = "<group>"; };
		FF9E86FC21C8979000D87C69 /* OCLockBenchmark.h */ = {isa = PBXFileReference; lastKnownFileType = sourcecode.c.h; path = OCLockBenchmark.h; sourceTree = "<group>"; };
		FF9E86FD21C8979000D87C69 /* OCLockBenchmark.m */ = {isa = PBXFileReference; lastKnownFileType = sourcecode.c.objc; path = OCLockBenchmark.m; sourceTree = "<group>"; };
		FFA7004520AC185D0073DBF5 /* ThreeTouchPreviewActionDelegate.swift */ = {isa = PBXFileReference; lastKnownFileType = sourcecode.swift; path = ThreeTouchPreviewActionDelegate.swift; sourceTree = "<group>"; };
		FFA7004920AC27C60073DBF5 /* PeekViewController.swift */ = {isa = PBXFileReference; lastKnownFileType = sourcecode.swift; path = PeekViewController.swift; sourceTree = "<group>"; };
		FFD056AA205912F300A6F5AE /* UIColor+Extension.swift */ = {isa = PBXFileReference; lastKnownFileType = sourcecode.swift; path = "UIColor+Extension.swift"; sourceTree = "<group>"; };
		FFD056AD2059134200A6F5AE /* UIDevice+Extension.swift */ = {isa = PBXFileReference; lastKnownFileType = sourcecode.swift; path = "UIDevice+Extension.swift"; sourceTree = "<group>"; };
		FFD056AF205913CA00A6F5AE /* AnimationViewController.xib */ = {isa = PBXFileReference; fileEncoding = 4; lastKnownFileType = file.xib; path = AnimationViewController.xib; sourceTree = "<group>"; };
		FFD056B0205913CA00A6F5AE /* AnimationViewController.swift */ = {isa = PBXFileReference; fileEncoding = 4; lastKnownFileType = sourcecode.swift; path = AnimationViewController.swift; sourceTree = "<group>"; };
		FFD056B42059238A00A6F5AE /* ClockOffButton.swift */ = {isa = PBXFileReference; fileEncoding = 4; lastKnownFileType = sourcecode.swift; path = ClockOffButton.swift; sourceTree = "<group>"; };
		FFD056B52059238A00A6F5AE /* ClockOffViewController.swift */ = {isa = PBXFileReference; fileEncoding = 4; lastKnownFileType = sourcecode.swift; path = ClockOffViewController.swift; sourceTree = "<group>"; };
		FFE4A23620BB9B6300939E00 /* DatePickerView.swift */ = {isa = PBXFileReference; lastKnownFileType = sourcecode.swift; path = DatePickerView.swift; sourceTree = "<group>"; };
		FFE4A23820BBA71400939E00 /* DatePickerView.xib */ = {isa = PBXFileReference; lastKnownFileType = file.xib; path = DatePickerView.xib; sourceTree = "<group>"; };
		FFF763CD20CA786700E479B7 /* DateExtensionTests.swift */ = {isa = PBXFileReference; lastKnownFileType = sourcecode.swift; path = DateExtensionTests.swift; sourceTree = "<group>"; };
/* End PBXFileReference section */

/* Begin PBXFrameworksBuildPhase section */
		FF1858712058CAC400ADC0BC /* Frameworks */ = {
			isa = PBXFrameworksBuildPhase;
			buildActionMask = 2147483647;
			files = (
				268EDB40F43779811DA69F67 /* Pods_DemoSwift.framework in Frameworks */,
				FF7A647A20F88D9D002AFBC0 /* StaticFramework.framework in Frameworks */,
				FF7A646220F88D3E002AFBC0 /* DynamicFramework.framework in Frameworks */,
			);
			runOnlyForDeploymentPostprocessing = 0;
		};
		FF1858852058CAC400ADC0BC /* Frameworks */ = {
			isa = PBXFrameworksBuildPhase;
			buildActionMask = 2147483647;
			files = (
				7C96BE86BF4AA2163CE57712 /* Pods_DemoSwiftTests.framework in Frameworks */,
			);
			runOnlyForDeploymentPostprocessing = 0;
		};
		FF7A645720F88D3E002AFBC0 /* Frameworks */ = {
			isa = PBXFrameworksBuildPhase;
			buildActionMask = 2147483647;
			files = (
			);
			runOnlyForDeploymentPostprocessing = 0;
		};
		FF7A646F20F88D9D002AFBC0 /* Frameworks */ = {
			isa = PBXFrameworksBuildPhase;
			buildActionMask = 2147483647;
			files = (
			);
			runOnlyForDeploymentPostprocessing = 0;
		};
/* End PBXFrameworksBuildPhase section */

/* Begin PBXGroup section */
		22CCA19142C5EB88BDA1102B /* Pods */ = {
			isa = PBXGroup;
			children = (
				8980D18AD2141E62C2B41318 /* Pods-DemoSwift.debug.xcconfig */,
				9853D24A50FA9FF3CD008B8D /* Pods-DemoSwift.release.xcconfig */,
				D3244A00694BA58B5798D424 /* Pods-DemoSwiftTests.debug.xcconfig */,
				6EF8CEF4C2E4AADE70875566 /* Pods-DemoSwiftTests.release.xcconfig */,
			);
			name = Pods;
			sourceTree = "<group>";
		};
		59216599C8FBAE2FED14B402 /* Frameworks */ = {
			isa = PBXGroup;
			children = (
				B041FB317087741D521495CA /* Pods_DemoSwift.framework */,
				E15DF14BAB5BD5307EA55039 /* Pods_DemoSwiftTests.framework */,
			);
			name = Frameworks;
			sourceTree = "<group>";
		};
		5B2FD74326AE52F4004EC22E /* Image */ = {
			isa = PBXGroup;
			children = (
				5B2FD74426AE55B4004EC22E /* ImageTableViewController.swift */,
				5B83B37126B2CEDF001FE25D /* ManualDecodeViewController.swift */,
				5B83B37226B2CEDF001FE25D /* ManualDecodeViewController.xib */,
				5B2FD74C26AE8F0A004EC22E /* NinePatchImageViewController1.swift */,
				5B2FD75126AEB269004EC22E /* NinePatchImageViewController2.swift */,
				5B2FD75526AED431004EC22E /* DownsampleViewController.swift */,
			);
			path = Image;
			sourceTree = "<group>";
		};
		5B2FD74626AE58F3004EC22E /* Tool */ = {
			isa = PBXGroup;
			children = (
				5B2FD74726AE5902004EC22E /* NinePatchImageFactory.swift */,
			);
			path = Tool;
			sourceTree = "<group>";
		};
		5B2FD74926AE591E004EC22E /* Assets */ = {
			isa = PBXGroup;
			children = (
				5B2FD74A26AE59A4004EC22E /* android.9.png */,
				FF395D5F2144C53E002D3C28 /* IMG_001.png */,
				5B136167269EE10C00A70DFF /* ant@3x.png */,
				5B2FD75726AEDB97004EC22E /* large_leaves_70mp.jpg */,
				5B13615F269C7A0A00A70DFF /* transparent_001.png */,
			);
			path = Assets;
			sourceTree = "<group>";
		};
		5B4DFC932563A5330033F272 /* CountdownButton */ = {
			isa = PBXGroup;
			children = (
				5B4DFC942563A5690033F272 /* CountdownViewController.swift */,
				5B4DFC9D2563AA680033F272 /* CountdownTimer.swift */,
				5B4DFCA22563AD8F0033F272 /* CountdownButton.swift */,
			);
			path = CountdownButton;
			sourceTree = "<group>";
		};
		5B62613427560DEA00681662 /* DesignPatterns */ = {
			isa = PBXGroup;
			children = (
				5B6261532757152300681662 /* AbstractFactoryPattern */,
				5B6261462756422700681662 /* FactoryPattern */,
				5B626137275618DC00681662 /* SimpleFactoryPattern */,
				5B62613527560F7F00681662 /* DesignPatternsViewController.swift */,
			);
			path = DesignPatterns;
			sourceTree = "<group>";
		};
		5B626137275618DC00681662 /* SimpleFactoryPattern */ = {
			isa = PBXGroup;
			children = (
				5B62613E275627EF00681662 /* SFShoesProtocol.swift */,
				5B626140275628C300681662 /* SFAdiWang.swift */,
				5B6261422756299300681662 /* SFNike.swift */,
				5B626144275629DA00681662 /* SFFactory.swift */,
			);
			path = SimpleFactoryPattern;
			sourceTree = "<group>";
		};
		5B6261462756422700681662 /* FactoryPattern */ = {
			isa = PBXGroup;
			children = (
				5B6261472756428D00681662 /* FFactory.swift */,
				5B62614F2756445C00681662 /* FFactoryAdiWang.swift */,
				5B6261512756448B00681662 /* FFactoryNike.swift */,
				5B6261492756436900681662 /* FShoes.swift */,
				5B62614B275643EE00681662 /* FAdiWang.swift */,
				5B62614D2756442500681662 /* FNike.swift */,
			);
			path = FactoryPattern;
			sourceTree = "<group>";
		};
		5B6261532757152300681662 /* AbstractFactoryPattern */ = {
			isa = PBXGroup;
			children = (
				5B62615D2757169F00681662 /* AFFactory.swift */,
				5B62615E2757169F00681662 /* AFFactoryAdiWang.swift */,
				5B62615C2757169F00681662 /* AFFactoryNike.swift */,
				5B626154275715DC00681662 /* AFShoesProtocol.swift */,
				5B6261562757161A00681662 /* AFNike.swift */,
				5B62615A2757164F00681662 /* AFAdiWang.swift */,
			);
			path = AbstractFactoryPattern;
			sourceTree = "<group>";
		};
		5B75ABAD2564F30500DB70B7 /* reflect */ = {
			isa = PBXGroup;
			children = (
				5B75ABAE2564F33300DB70B7 /* ReflectViewController.swift */,
				5B75ABB62564F35100DB70B7 /* ReflectBaseModel.swift */,
			);
			path = reflect;
			sourceTree = "<group>";
		};
		5B75ABDD2565112C00DB70B7 /* Location */ = {
			isa = PBXGroup;
			children = (
				5B75ABDE2565113F00DB70B7 /* LocationViewController.swift */,
			);
			path = Location;
			sourceTree = "<group>";
		};
		5BDFD37B260871CB0026F059 /* labelTouch */ = {
			isa = PBXGroup;
			children = (
				5BDFD406260876280026F059 /* UILabelMultipleTapController.swift */,
			);
			path = labelTouch;
			sourceTree = "<group>";
		};
		5BE9D2A226678FD10099B8B4 /* TimerCycle */ = {
			isa = PBXGroup;
			children = (
				5BE9D2A3266790190099B8B4 /* TimerCycleViewController.swift */,
				5BE9D2A52667A3510099B8B4 /* OCTimerLeakViewController.h */,
				5BE9D2A62667A3510099B8B4 /* OCTimerLeakViewController.m */,
				5BE9D2D4266877ED0099B8B4 /* TimerCycleSwiftViewController.swift */,
				5BE9D2D3266877ED0099B8B4 /* WeakTimerSwift.swift */,
				5BE9D2D1266876850099B8B4 /* WeakTimer.h */,
				5BE9D2D0266876850099B8B4 /* WeakTimer.m */,
			);
			path = TimerCycle;
			sourceTree = "<group>";
		};
		FF0271C120BAA5DD0070FEC6 /* DatePickerView */ = {
			isa = PBXGroup;
			children = (
				FFE4A23620BB9B6300939E00 /* DatePickerView.swift */,
				FFE4A23820BBA71400939E00 /* DatePickerView.xib */,
				FF36B58420BD011000ABF92C /* DatePickerDemoViewController.swift */,
				FF36B58520BD011000ABF92C /* DatePickerDemoViewController.xib */,
			);
			path = DatePickerView;
			sourceTree = "<group>";
		};
		FF18586B2058CAC400ADC0BC = {
			isa = PBXGroup;
			children = (
				FF1858762058CAC400ADC0BC /* DemoSwift */,
				FF18588B2058CAC400ADC0BC /* DemoSwiftTests */,
				FF7A645C20F88D3E002AFBC0 /* DynamicFramework */,
				FF7A647420F88D9D002AFBC0 /* StaticFramework */,
				FF1858752058CAC400ADC0BC /* Products */,
				22CCA19142C5EB88BDA1102B /* Pods */,
				59216599C8FBAE2FED14B402 /* Frameworks */,
			);
			sourceTree = "<group>";
		};
		FF1858752058CAC400ADC0BC /* Products */ = {
			isa = PBXGroup;
			children = (
				FF1858742058CAC400ADC0BC /* DemoSwift.app */,
				FF1858882058CAC400ADC0BC /* DemoSwiftTests.xctest */,
				FF7A645B20F88D3E002AFBC0 /* DynamicFramework.framework */,
				FF7A647320F88D9D002AFBC0 /* StaticFramework.framework */,
			);
			name = Products;
			sourceTree = "<group>";
		};
		FF1858762058CAC400ADC0BC /* DemoSwift */ = {
			isa = PBXGroup;
			children = (
				5B2FD74926AE591E004EC22E /* Assets */,
				5B2FD74626AE58F3004EC22E /* Tool */,
				FFA7004720AC276D0073DBF5 /* Base */,
				FFD056A92059129200A6F5AE /* Extension */,
				FFD056A82059128C00A6F5AE /* Demo */,
				FF1858772058CAC400ADC0BC /* AppDelegate.swift */,
				FF1858972058D4E600ADC0BC /* MainTableViewController.swift */,
				FFA7004520AC185D0073DBF5 /* ThreeTouchPreviewActionDelegate.swift */,
				FF18589D2059102300ADC0BC /* Demo.swift */,
				FF18587B2058CAC400ADC0BC /* Main.storyboard */,
				FF18587E2058CAC400ADC0BC /* Assets.xcassets */,
				FF1858802058CAC400ADC0BC /* LaunchScreen.storyboard */,
				FF1858832058CAC400ADC0BC /* Info.plist */,
				FF9E86F821C8970600D87C69 /* DemoSwift-Bridging-Header.h */,
				FF00784921C37E0A001F367D /* MyPlayground.playground */,
			);
			path = DemoSwift;
			sourceTree = "<group>";
		};
		FF18588B2058CAC400ADC0BC /* DemoSwiftTests */ = {
			isa = PBXGroup;
			children = (
				FF18588C2058CAC400ADC0BC /* DemoSwiftTests.swift */,
				FF18588E2058CAC400ADC0BC /* Info.plist */,
				FFF763CD20CA786700E479B7 /* DateExtensionTests.swift */,
				FF05DE262148E35200E3D5EA /* BigImageTests.swift */,
				5B2FD75326AED174004EC22E /* NinePatchImageTest.swift */,
			);
			path = DemoSwiftTests;
			sourceTree = "<group>";
		};
		FF1A833520A96EEB001A1DF1 /* Marquee */ = {
			isa = PBXGroup;
			children = (
				FF1A833620A96F19001A1DF1 /* MarqueeViewController.swift */,
				FF1A833820A96F40001A1DF1 /* MarqueeView.swift */,
			);
			path = Marquee;
			sourceTree = "<group>";
		};
		FF395D5E2144C50C002D3C28 /* BigImage */ = {
			isa = PBXGroup;
			children = (
				FF395D612144C569002D3C28 /* BigImageTableViewController.swift */,
				5B136165269D804200A70DFF /* AppleDownsampleViewController.swift */,
				FF05DE222148C60F00E3D5EA /* OriginImageViewController.swift */,
				FF05DE232148C60F00E3D5EA /* OriginImageViewController.xib */,
				FF395D642144C64A002D3C28 /* UIKitBigImageViewController.swift */,
				FF395D652144C64A002D3C28 /* UIKitBigImageViewController.xib */,
				FF395D682144CA7F002D3C28 /* CoreGraphicsBigImageViewController.swift */,
				FF395D692144CA7F002D3C28 /* CoreGraphicsBigImageViewController.xib */,
				FF6AA7E2214657B100BA1F51 /* CoreImageBigImageViewController.swift */,
				FF6AA7E3214657B100BA1F51 /* CoreImageBigImageViewController.xib */,
				FF05DE282148FDCB00E3D5EA /* ImageIOBigImageViewController.swift */,
				FF05DE292148FDCB00E3D5EA /* ImageIOBigImageViewController.xib */,
			);
			path = BigImage;
			sourceTree = "<group>";
		};
		FF55B25A20593EA7001145F9 /* PayTheBill */ = {
			isa = PBXGroup;
			children = (
				FF32FA8B205F58BC006889A3 /* PayTheBillViewController.swift */,
				FF32FA8C205F58BC006889A3 /* PayTheBillViewController.xib */,
				FF32FA8F205F68E6006889A3 /* PayTheBillTitleView.swift */,
				FF32FA91205F6944006889A3 /* PayTheBillTitleView.xib */,
				FF32FA97205F9784006889A3 /* PayTheBillHeaderView.swift */,
				FF32FA99205F9793006889A3 /* PayTheBillHeaderView.xib */,
			);
			path = PayTheBill;
			sourceTree = "<group>";
		};
		FF58A07F21C39D650051CE8F /* iOS lock benchmark */ = {
			isa = PBXGroup;
			children = (
				FF58A08021C39DB80051CE8F /* LockBenchmarkViewController.swift */,
				FF9E86FC21C8979000D87C69 /* OCLockBenchmark.h */,
				FF9E86FD21C8979000D87C69 /* OCLockBenchmark.m */,
			);
			path = "iOS lock benchmark";
			sourceTree = "<group>";
		};
		FF59B15B2121615D00BD693E /* CTCharts */ = {
			isa = PBXGroup;
			children = (
				FF59B15C2121618D00BD693E /* CTChartView.swift */,
				FF59B15E2121636A00BD693E /* CTChartView.xib */,
				FF59B160212169E900BD693E /* CTChartDemoViewController.swift */,
				FF59B161212169E900BD693E /* CTChartDemoViewController.xib */,
				FF707213212EABF70024C22C /* CTScrollChartDemoViewController.swift */,
				FF707214212EABF70024C22C /* CTScrollChartDemoViewController.xib */,
				FF707217212EAC680024C22C /* CTScrollBarTimeChartView.swift */,
				FF7A5B122133A46A008D6DEC /* CTScrollBarChartView.swift */,
			);
			path = CTCharts;
			sourceTree = "<group>";
		};
		FF6427FE21AE8CBD003DF725 /* 网络请求依赖 */ = {
			isa = PBXGroup;
			children = (
				FF6427FF21AE8D82003DF725 /* NetworkDependDemoVC.swift */,
			);
			path = "网络请求依赖";
			sourceTree = "<group>";
		};
		FF7A645320F88BE4002AFBC0 /* DynamicAndStaticFramework */ = {
			isa = PBXGroup;
			children = (
				FF7A645420F88C1F002AFBC0 /* DynamicAndStaticViewController.swift */,
			);
			path = DynamicAndStaticFramework;
			sourceTree = "<group>";
		};
		FF7A645C20F88D3E002AFBC0 /* DynamicFramework */ = {
			isa = PBXGroup;
			children = (
				FF7A646820F88D6E002AFBC0 /* DynamicFramework.bundle */,
				FF7A646920F88D6E002AFBC0 /* DynamicFrameworkView.swift */,
				FF7A646A20F88D6E002AFBC0 /* UIImage+Extension.swift */,
				FF7A645D20F88D3E002AFBC0 /* DynamicFramework.h */,
				FF7A645E20F88D3E002AFBC0 /* Info.plist */,
			);
			path = DynamicFramework;
			sourceTree = "<group>";
		};
		FF7A647420F88D9D002AFBC0 /* StaticFramework */ = {
			isa = PBXGroup;
			children = (
				FF7A647F20F88DBE002AFBC0 /* StaticFramework.bundle */,
				FF7A648120F88DBE002AFBC0 /* StaticFrameworkView.swift */,
				FF7A648020F88DBE002AFBC0 /* UIImage+Extension.swift */,
				FF7A647520F88D9D002AFBC0 /* StaticFramework.h */,
				FF7A647620F88D9D002AFBC0 /* Info.plist */,
			);
			path = StaticFramework;
			sourceTree = "<group>";
		};
		FF824775217EC99900B2F334 /* 响应链及事件传递 */ = {
			isa = PBXGroup;
			children = (
				FF824778217ECA2400B2F334 /* ResponderViewController.swift */,
				FF82477C217F009000B2F334 /* ResponderDetailViewController.swift */,
				9C715A2723672CE400F8DA36 /* ResponderDetailTwoViewController.swift */,
				FF824780217F099600B2F334 /* BigTouchLabel.swift */,
				FF824782217F09AE00B2F334 /* IgnoreTouchLabel.swift */,
			);
			path = "响应链及事件传递";
			sourceTree = "<group>";
		};
		FF82E7B721798A3F00646650 /* 离屏渲染 */ = {
			isa = PBXGroup;
			children = (
				FF82E7B821798A9E00646650 /* OffScreenViewController.swift */,
				FF824771217D6C7D00B2F334 /* OffScreenTableViewController.swift */,
				FF824773217D6C9B00B2F334 /* OffScreenTableViewControllerCell.swift */,
			);
			path = "离屏渲染";
			sourceTree = "<group>";
		};
		FFA7004720AC276D0073DBF5 /* Base */ = {
			isa = PBXGroup;
			children = (
				FFA7004820AC27730073DBF5 /* ViewController */,
			);
			path = Base;
			sourceTree = "<group>";
		};
		FFA7004820AC27730073DBF5 /* ViewController */ = {
			isa = PBXGroup;
			children = (
				FFA7004920AC27C60073DBF5 /* PeekViewController.swift */,
			);
			path = ViewController;
			sourceTree = "<group>";
		};
		FFD056A82059128C00A6F5AE /* Demo */ = {
			isa = PBXGroup;
			children = (
				5B62613427560DEA00681662 /* DesignPatterns */,
				5B2FD74326AE52F4004EC22E /* Image */,
				5BE9D2A226678FD10099B8B4 /* TimerCycle */,
				5BDFD37B260871CB0026F059 /* labelTouch */,
				5B75ABDD2565112C00DB70B7 /* Location */,
				5B75ABAD2564F30500DB70B7 /* reflect */,
				5B4DFC932563A5330033F272 /* CountdownButton */,
				FF58A07F21C39D650051CE8F /* iOS lock benchmark */,
				FF6427FE21AE8CBD003DF725 /* 网络请求依赖 */,
				FF82E7B721798A3F00646650 /* 离屏渲染 */,
				FF824775217EC99900B2F334 /* 响应链及事件传递 */,
				FF395D5E2144C50C002D3C28 /* BigImage */,
				FF59B15B2121615D00BD693E /* CTCharts */,
				FF7A645320F88BE4002AFBC0 /* DynamicAndStaticFramework */,
				FF0271C120BAA5DD0070FEC6 /* DatePickerView */,
				FF1A833520A96EEB001A1DF1 /* Marquee */,
				FF55B25A20593EA7001145F9 /* PayTheBill */,
				FFD056AC2059130B00A6F5AE /* Animation */,
			);
			path = Demo;
			sourceTree = "<group>";
		};
		FFD056A92059129200A6F5AE /* Extension */ = {
			isa = PBXGroup;
			children = (
				FFD056AA205912F300A6F5AE /* UIColor+Extension.swift */,
				FFD056AD2059134200A6F5AE /* UIDevice+Extension.swift */,
				FF32FA93205F8A91006889A3 /* UIKit+Extension.swift */,
				FF32FA95205F90C9006889A3 /* UIImage+Extension.swift */,
				FF32FA9B205FB1D0006889A3 /* DispatchQueue+Extension.swift */,
				FF044C0F20C9112600EDE2B6 /* Date+Extension.swift */,
				FF1B312D212FEEF70030A5D0 /* String+Extension.swift */,
				FF2FFE752187F34400B886FF /* Codable+Extension.swift */,
				5B136169269FC00F00A70DFF /* Data+Extension.swift */,
				5B5AE47226B2B15D0089D311 /* UIApplication+Extension.swift */,
				5B83B37526B2D5F9001FE25D /* Number+Extension.swift */,
			);
			path = Extension;
			sourceTree = "<group>";
		};
		FFD056AC2059130B00A6F5AE /* Animation */ = {
			isa = PBXGroup;
			children = (
				FFD056B32059236E00A6F5AE /* ClockOff */,
				FFD056B0205913CA00A6F5AE /* AnimationViewController.swift */,
				FFD056AF205913CA00A6F5AE /* AnimationViewController.xib */,
			);
			path = Animation;
			sourceTree = "<group>";
		};
		FFD056B32059236E00A6F5AE /* ClockOff */ = {
			isa = PBXGroup;
			children = (
				FFD056B42059238A00A6F5AE /* ClockOffButton.swift */,
				FFD056B52059238A00A6F5AE /* ClockOffViewController.swift */,
			);
			path = ClockOff;
			sourceTree = "<group>";
		};
/* End PBXGroup section */

/* Begin PBXHeadersBuildPhase section */
		FF7A645820F88D3E002AFBC0 /* Headers */ = {
			isa = PBXHeadersBuildPhase;
			buildActionMask = 2147483647;
			files = (
				FF7A645F20F88D3E002AFBC0 /* DynamicFramework.h in Headers */,
			);
			runOnlyForDeploymentPostprocessing = 0;
		};
		FF7A647020F88D9D002AFBC0 /* Headers */ = {
			isa = PBXHeadersBuildPhase;
			buildActionMask = 2147483647;
			files = (
				FF7A647720F88D9D002AFBC0 /* StaticFramework.h in Headers */,
			);
			runOnlyForDeploymentPostprocessing = 0;
		};
/* End PBXHeadersBuildPhase section */

/* Begin PBXNativeTarget section */
		FF1858732058CAC400ADC0BC /* DemoSwift */ = {
			isa = PBXNativeTarget;
			buildConfigurationList = FF1858912058CAC400ADC0BC /* Build configuration list for PBXNativeTarget "DemoSwift" */;
			buildPhases = (
				F84CB11BA65831251215BAE8 /* [CP] Check Pods Manifest.lock */,
				FF1858702058CAC400ADC0BC /* Sources */,
				FF1858712058CAC400ADC0BC /* Frameworks */,
				FF1858722058CAC400ADC0BC /* Resources */,
				FE30DB1FADB9EF40D93C20FF /* [CP] Embed Pods Frameworks */,
				FF7A646720F88D3E002AFBC0 /* Embed Frameworks */,
			);
			buildRules = (
			);
			dependencies = (
				FF7A646120F88D3E002AFBC0 /* PBXTargetDependency */,
				FF7A647920F88D9D002AFBC0 /* PBXTargetDependency */,
			);
			name = DemoSwift;
			productName = DemoSwift;
			productReference = FF1858742058CAC400ADC0BC /* DemoSwift.app */;
			productType = "com.apple.product-type.application";
		};
		FF1858872058CAC400ADC0BC /* DemoSwiftTests */ = {
			isa = PBXNativeTarget;
			buildConfigurationList = FF1858942058CAC400ADC0BC /* Build configuration list for PBXNativeTarget "DemoSwiftTests" */;
			buildPhases = (
				C38A7E25F874D7E7C802A62F /* [CP] Check Pods Manifest.lock */,
				FF1858842058CAC400ADC0BC /* Sources */,
				FF1858852058CAC400ADC0BC /* Frameworks */,
				FF1858862058CAC400ADC0BC /* Resources */,
			);
			buildRules = (
			);
			dependencies = (
				FF18588A2058CAC400ADC0BC /* PBXTargetDependency */,
			);
			name = DemoSwiftTests;
			productName = DemoSwiftTests;
			productReference = FF1858882058CAC400ADC0BC /* DemoSwiftTests.xctest */;
			productType = "com.apple.product-type.bundle.unit-test";
		};
		FF7A645A20F88D3E002AFBC0 /* DynamicFramework */ = {
			isa = PBXNativeTarget;
			buildConfigurationList = FF7A646420F88D3E002AFBC0 /* Build configuration list for PBXNativeTarget "DynamicFramework" */;
			buildPhases = (
				FF7A645620F88D3E002AFBC0 /* Sources */,
				FF7A645720F88D3E002AFBC0 /* Frameworks */,
				FF7A645820F88D3E002AFBC0 /* Headers */,
				FF7A645920F88D3E002AFBC0 /* Resources */,
			);
			buildRules = (
			);
			dependencies = (
			);
			name = DynamicFramework;
			productName = DynamicFramework;
			productReference = FF7A645B20F88D3E002AFBC0 /* DynamicFramework.framework */;
			productType = "com.apple.product-type.framework";
		};
		FF7A647220F88D9D002AFBC0 /* StaticFramework */ = {
			isa = PBXNativeTarget;
			buildConfigurationList = FF7A647C20F88D9D002AFBC0 /* Build configuration list for PBXNativeTarget "StaticFramework" */;
			buildPhases = (
				FF7A646E20F88D9D002AFBC0 /* Sources */,
				FF7A646F20F88D9D002AFBC0 /* Frameworks */,
				FF7A647020F88D9D002AFBC0 /* Headers */,
				FF7A647120F88D9D002AFBC0 /* Resources */,
			);
			buildRules = (
			);
			dependencies = (
			);
			name = StaticFramework;
			productName = StaticFramework;
			productReference = FF7A647320F88D9D002AFBC0 /* StaticFramework.framework */;
			productType = "com.apple.product-type.framework";
		};
/* End PBXNativeTarget section */

/* Begin PBXProject section */
		FF18586C2058CAC400ADC0BC /* Project object */ = {
			isa = PBXProject;
			attributes = {
				LastSwiftUpdateCheck = 0920;
				LastUpgradeCheck = 1220;
				ORGANIZATIONNAME = yaoxp;
				TargetAttributes = {
					FF1858732058CAC400ADC0BC = {
						CreatedOnToolsVersion = 9.2;
						LastSwiftMigration = 1020;
						ProvisioningStyle = Automatic;
					};
					FF1858872058CAC400ADC0BC = {
						CreatedOnToolsVersion = 9.2;
						LastSwiftMigration = 1020;
						ProvisioningStyle = Manual;
						TestTargetID = FF1858732058CAC400ADC0BC;
					};
					FF7A645A20F88D3E002AFBC0 = {
						CreatedOnToolsVersion = 9.4.1;
						LastSwiftMigration = 1020;
						ProvisioningStyle = Automatic;
					};
					FF7A647220F88D9D002AFBC0 = {
						CreatedOnToolsVersion = 9.4.1;
						LastSwiftMigration = 1020;
						ProvisioningStyle = Automatic;
					};
				};
			};
			buildConfigurationList = FF18586F2058CAC400ADC0BC /* Build configuration list for PBXProject "DemoSwift" */;
			compatibilityVersion = "Xcode 8.0";
			developmentRegion = en;
			hasScannedForEncodings = 0;
			knownRegions = (
				en,
				Base,
			);
			mainGroup = FF18586B2058CAC400ADC0BC;
			productRefGroup = FF1858752058CAC400ADC0BC /* Products */;
			projectDirPath = "";
			projectRoot = "";
			targets = (
				FF1858732058CAC400ADC0BC /* DemoSwift */,
				FF1858872058CAC400ADC0BC /* DemoSwiftTests */,
				FF7A645A20F88D3E002AFBC0 /* DynamicFramework */,
				FF7A647220F88D9D002AFBC0 /* StaticFramework */,
			);
		};
/* End PBXProject section */

/* Begin PBXResourcesBuildPhase section */
		FF1858722058CAC400ADC0BC /* Resources */ = {
			isa = PBXResourcesBuildPhase;
			buildActionMask = 2147483647;
			files = (
				5B83B37426B2CEDF001FE25D /* ManualDecodeViewController.xib in Resources */,
				FF1858822058CAC400ADC0BC /* LaunchScreen.storyboard in Resources */,
				FF395D602144C53E002D3C28 /* IMG_001.png in Resources */,
				FF36B58720BD011000ABF92C /* DatePickerDemoViewController.xib in Resources */,
				FF6AA7E5214657B100BA1F51 /* CoreImageBigImageViewController.xib in Resources */,
				FF32FA8E205F58BC006889A3 /* PayTheBillViewController.xib in Resources */,
				FF395D672144C64A002D3C28 /* UIKitBigImageViewController.xib in Resources */,
				5B136160269C7A0A00A70DFF /* transparent_001.png in Resources */,
				FFE4A23920BBA71400939E00 /* DatePickerView.xib in Resources */,
				FFD056B1205913CA00A6F5AE /* AnimationViewController.xib in Resources */,
				5B2FD75826AEDB97004EC22E /* large_leaves_70mp.jpg in Resources */,
				FF18587F2058CAC400ADC0BC /* Assets.xcassets in Resources */,
				FF59B15F2121636A00BD693E /* CTChartView.xib in Resources */,
				FF18587D2058CAC400ADC0BC /* Main.storyboard in Resources */,
				FF05DE252148C60F00E3D5EA /* OriginImageViewController.xib in Resources */,
				FF707216212EABF70024C22C /* CTScrollChartDemoViewController.xib in Resources */,
				FF59B163212169E900BD693E /* CTChartDemoViewController.xib in Resources */,
				FF32FA9A205F9793006889A3 /* PayTheBillHeaderView.xib in Resources */,
				FF395D6B2144CA7F002D3C28 /* CoreGraphicsBigImageViewController.xib in Resources */,
				5B136168269EE10C00A70DFF /* ant@3x.png in Resources */,
				FF32FA92205F6944006889A3 /* PayTheBillTitleView.xib in Resources */,
				FF05DE2B2148FDCB00E3D5EA /* ImageIOBigImageViewController.xib in Resources */,
				5B2FD74B26AE59A4004EC22E /* android.9.png in Resources */,
			);
			runOnlyForDeploymentPostprocessing = 0;
		};
		FF1858862058CAC400ADC0BC /* Resources */ = {
			isa = PBXResourcesBuildPhase;
			buildActionMask = 2147483647;
			files = (
			);
			runOnlyForDeploymentPostprocessing = 0;
		};
		FF7A645920F88D3E002AFBC0 /* Resources */ = {
			isa = PBXResourcesBuildPhase;
			buildActionMask = 2147483647;
			files = (
				FF7A646B20F88D6E002AFBC0 /* DynamicFramework.bundle in Resources */,
			);
			runOnlyForDeploymentPostprocessing = 0;
		};
		FF7A647120F88D9D002AFBC0 /* Resources */ = {
			isa = PBXResourcesBuildPhase;
			buildActionMask = 2147483647;
			files = (
				FF7A648220F88DBE002AFBC0 /* StaticFramework.bundle in Resources */,
			);
			runOnlyForDeploymentPostprocessing = 0;
		};
/* End PBXResourcesBuildPhase section */

/* Begin PBXShellScriptBuildPhase section */
		C38A7E25F874D7E7C802A62F /* [CP] Check Pods Manifest.lock */ = {
			isa = PBXShellScriptBuildPhase;
			buildActionMask = 2147483647;
			files = (
			);
			inputPaths = (
				"${PODS_PODFILE_DIR_PATH}/Podfile.lock",
				"${PODS_ROOT}/Manifest.lock",
			);
			name = "[CP] Check Pods Manifest.lock";
			outputPaths = (
				"$(DERIVED_FILE_DIR)/Pods-DemoSwiftTests-checkManifestLockResult.txt",
			);
			runOnlyForDeploymentPostprocessing = 0;
			shellPath = /bin/sh;
			shellScript = "diff \"${PODS_PODFILE_DIR_PATH}/Podfile.lock\" \"${PODS_ROOT}/Manifest.lock\" > /dev/null\nif [ $? != 0 ] ; then\n    # print error to STDERR\n    echo \"error: The sandbox is not in sync with the Podfile.lock. Run 'pod install' or update your CocoaPods installation.\" >&2\n    exit 1\nfi\n# This output is used by Xcode 'outputs' to avoid re-running this script phase.\necho \"SUCCESS\" > \"${SCRIPT_OUTPUT_FILE_0}\"\n";
			showEnvVarsInLog = 0;
		};
		F84CB11BA65831251215BAE8 /* [CP] Check Pods Manifest.lock */ = {
			isa = PBXShellScriptBuildPhase;
			buildActionMask = 2147483647;
			files = (
			);
			inputPaths = (
				"${PODS_PODFILE_DIR_PATH}/Podfile.lock",
				"${PODS_ROOT}/Manifest.lock",
			);
			name = "[CP] Check Pods Manifest.lock";
			outputPaths = (
				"$(DERIVED_FILE_DIR)/Pods-DemoSwift-checkManifestLockResult.txt",
			);
			runOnlyForDeploymentPostprocessing = 0;
			shellPath = /bin/sh;
			shellScript = "diff \"${PODS_PODFILE_DIR_PATH}/Podfile.lock\" \"${PODS_ROOT}/Manifest.lock\" > /dev/null\nif [ $? != 0 ] ; then\n    # print error to STDERR\n    echo \"error: The sandbox is not in sync with the Podfile.lock. Run 'pod install' or update your CocoaPods installation.\" >&2\n    exit 1\nfi\n# This output is used by Xcode 'outputs' to avoid re-running this script phase.\necho \"SUCCESS\" > \"${SCRIPT_OUTPUT_FILE_0}\"\n";
			showEnvVarsInLog = 0;
		};
		FE30DB1FADB9EF40D93C20FF /* [CP] Embed Pods Frameworks */ = {
			isa = PBXShellScriptBuildPhase;
			buildActionMask = 2147483647;
			files = (
			);
			inputPaths = (
				"${PODS_ROOT}/Target Support Files/Pods-DemoSwift/Pods-DemoSwift-frameworks.sh",
				"${BUILT_PRODUCTS_DIR}/Kingfisher/Kingfisher.framework",
				"${BUILT_PRODUCTS_DIR}/SDWebImage/SDWebImage.framework",
				"${BUILT_PRODUCTS_DIR}/SnapKit/SnapKit.framework",
				"${BUILT_PRODUCTS_DIR}/SwiftyJSON/SwiftyJSON.framework",
			);
			name = "[CP] Embed Pods Frameworks";
			outputPaths = (
				"${TARGET_BUILD_DIR}/${FRAMEWORKS_FOLDER_PATH}/Kingfisher.framework",
				"${TARGET_BUILD_DIR}/${FRAMEWORKS_FOLDER_PATH}/SDWebImage.framework",
				"${TARGET_BUILD_DIR}/${FRAMEWORKS_FOLDER_PATH}/SnapKit.framework",
				"${TARGET_BUILD_DIR}/${FRAMEWORKS_FOLDER_PATH}/SwiftyJSON.framework",
			);
			runOnlyForDeploymentPostprocessing = 0;
			shellPath = /bin/sh;
			shellScript = "\"${PODS_ROOT}/Target Support Files/Pods-DemoSwift/Pods-DemoSwift-frameworks.sh\"\n";
			showEnvVarsInLog = 0;
		};
/* End PBXShellScriptBuildPhase section */

/* Begin PBXSourcesBuildPhase section */
		FF1858702058CAC400ADC0BC /* Sources */ = {
			isa = PBXSourcesBuildPhase;
			buildActionMask = 2147483647;
			files = (
				FF2FFE762187F34400B886FF /* Codable+Extension.swift in Sources */,
				5B4DFC9E2563AA680033F272 /* CountdownTimer.swift in Sources */,
				FF1858982058D4E600ADC0BC /* MainTableViewController.swift in Sources */,
				FF32FA9C205FB1D0006889A3 /* DispatchQueue+Extension.swift in Sources */,
				FF6AA7E4214657B100BA1F51 /* CoreImageBigImageViewController.swift in Sources */,
				5B13616A269FC00F00A70DFF /* Data+Extension.swift in Sources */,
				FF824781217F099600B2F334 /* BigTouchLabel.swift in Sources */,
				FF58A08121C39DB80051CE8F /* LockBenchmarkViewController.swift in Sources */,
				5B75ABDF2565113F00DB70B7 /* LocationViewController.swift in Sources */,
				FF05DE2A2148FDCB00E3D5EA /* ImageIOBigImageViewController.swift in Sources */,
				5B2FD75626AED431004EC22E /* DownsampleViewController.swift in Sources */,
				5B626155275715DC00681662 /* AFShoesProtocol.swift in Sources */,
				FF32FA98205F9784006889A3 /* PayTheBillHeaderView.swift in Sources */,
				5BE9D2A72667A3510099B8B4 /* OCTimerLeakViewController.m in Sources */,
				FF82E7B921798A9E00646650 /* OffScreenViewController.swift in Sources */,
				FF1858782058CAC400ADC0BC /* AppDelegate.swift in Sources */,
				FF59B15D2121618D00BD693E /* CTChartView.swift in Sources */,
				FF05DE242148C60F00E3D5EA /* OriginImageViewController.swift in Sources */,
				5BE9D2D2266876850099B8B4 /* WeakTimer.m in Sources */,
				FF7A5B132133A46A008D6DEC /* CTScrollBarChartView.swift in Sources */,
				FF707218212EAC680024C22C /* CTScrollBarTimeChartView.swift in Sources */,
				FF395D6A2144CA7F002D3C28 /* CoreGraphicsBigImageViewController.swift in Sources */,
				5BE9D2D6266877ED0099B8B4 /* TimerCycleSwiftViewController.swift in Sources */,
				5B83B37626B2D5F9001FE25D /* Number+Extension.swift in Sources */,
				FF32FA8D205F58BC006889A3 /* PayTheBillViewController.swift in Sources */,
				FFA7004A20AC27C60073DBF5 /* PeekViewController.swift in Sources */,
				5B626141275628C300681662 /* SFAdiWang.swift in Sources */,
				5B2FD75226AEB269004EC22E /* NinePatchImageViewController2.swift in Sources */,
				FF1A833720A96F19001A1DF1 /* MarqueeViewController.swift in Sources */,
				FF824772217D6C7D00B2F334 /* OffScreenTableViewController.swift in Sources */,
				FF32FA96205F90C9006889A3 /* UIImage+Extension.swift in Sources */,
				5B6261582757161B00681662 /* AFNike.swift in Sources */,
				5B62613F275627EF00681662 /* SFShoesProtocol.swift in Sources */,
				FFE4A23720BB9B6300939E00 /* DatePickerView.swift in Sources */,
				5B62614C275643EE00681662 /* FAdiWang.swift in Sources */,
				5B2FD74826AE5902004EC22E /* NinePatchImageFactory.swift in Sources */,
				5B4DFC952563A5690033F272 /* CountdownViewController.swift in Sources */,
				5B5AE47326B2B15D0089D311 /* UIApplication+Extension.swift in Sources */,
				5B2FD74D26AE8F0A004EC22E /* NinePatchImageViewController1.swift in Sources */,
				FF395D622144C569002D3C28 /* BigImageTableViewController.swift in Sources */,
				5B136166269D804200A70DFF /* AppleDownsampleViewController.swift in Sources */,
				5B6261602757169F00681662 /* AFFactory.swift in Sources */,
				5B2FD74526AE55B4004EC22E /* ImageTableViewController.swift in Sources */,
				5B4DFCA32563AD8F0033F272 /* CountdownButton.swift in Sources */,
				5B62615F2757169F00681662 /* AFFactoryNike.swift in Sources */,
				FF64280021AE8D82003DF725 /* NetworkDependDemoVC.swift in Sources */,
				5B75ABAF2564F33300DB70B7 /* ReflectViewController.swift in Sources */,
				FF824783217F09AE00B2F334 /* IgnoreTouchLabel.swift in Sources */,
				FF36B58620BD011000ABF92C /* DatePickerDemoViewController.swift in Sources */,
				5B75ABB72564F35100DB70B7 /* ReflectBaseModel.swift in Sources */,
				FF1A833920A96F40001A1DF1 /* MarqueeView.swift in Sources */,
				FF044C1020C9112600EDE2B6 /* Date+Extension.swift in Sources */,
				5BE9D2A4266790190099B8B4 /* TimerCycleViewController.swift in Sources */,
				5B6261432756299300681662 /* SFNike.swift in Sources */,
				5BDFD407260876280026F059 /* UILabelMultipleTapController.swift in Sources */,
				FF7A645520F88C1F002AFBC0 /* DynamicAndStaticViewController.swift in Sources */,
				FF18589E2059102300ADC0BC /* Demo.swift in Sources */,
				FF59B162212169E900BD693E /* CTChartDemoViewController.swift in Sources */,
				FF82477D217F009000B2F334 /* ResponderDetailViewController.swift in Sources */,
				FFD056B2205913CA00A6F5AE /* AnimationViewController.swift in Sources */,
				5B62614A2756436900681662 /* FShoes.swift in Sources */,
				FF32FA90205F68E6006889A3 /* PayTheBillTitleView.swift in Sources */,
				FF824779217ECA2400B2F334 /* ResponderViewController.swift in Sources */,
				FF1B312E212FEEF70030A5D0 /* String+Extension.swift in Sources */,
				5B62615B2757164F00681662 /* AFAdiWang.swift in Sources */,
				FFA7004620AC185D0073DBF5 /* ThreeTouchPreviewActionDelegate.swift in Sources */,
				5B6261482756428D00681662 /* FFactory.swift in Sources */,
				5B83B37326B2CEDF001FE25D /* ManualDecodeViewController.swift in Sources */,
				5B6261522756448B00681662 /* FFactoryNike.swift in Sources */,
				FF707215212EABF70024C22C /* CTScrollChartDemoViewController.swift in Sources */,
				FF395D662144C64A002D3C28 /* UIKitBigImageViewController.swift in Sources */,
				5B6261612757169F00681662 /* AFFactoryAdiWang.swift in Sources */,
				5B6261502756445C00681662 /* FFactoryAdiWang.swift in Sources */,
				5B626145275629DA00681662 /* SFFactory.swift in Sources */,
				FFD056AE2059134200A6F5AE /* UIDevice+Extension.swift in Sources */,
				9C715A2823672CE400F8DA36 /* ResponderDetailTwoViewController.swift in Sources */,
				FF9E86FE21C8979000D87C69 /* OCLockBenchmark.m in Sources */,
				5BE9D2D5266877ED0099B8B4 /* WeakTimerSwift.swift in Sources */,
				FF32FA94205F8A91006889A3 /* UIKit+Extension.swift in Sources */,
				FFD056B72059238A00A6F5AE /* ClockOffViewController.swift in Sources */,
				5B62613627560F7F00681662 /* DesignPatternsViewController.swift in Sources */,
				FF824774217D6C9B00B2F334 /* OffScreenTableViewControllerCell.swift in Sources */,
				FFD056B62059238A00A6F5AE /* ClockOffButton.swift in Sources */,
				5B62614E2756442500681662 /* FNike.swift in Sources */,
				FFD056AB205912F300A6F5AE /* UIColor+Extension.swift in Sources */,
			);
			runOnlyForDeploymentPostprocessing = 0;
		};
		FF1858842058CAC400ADC0BC /* Sources */ = {
			isa = PBXSourcesBuildPhase;
			buildActionMask = 2147483647;
			files = (
				5B2FD75426AED174004EC22E /* NinePatchImageTest.swift in Sources */,
				FF05DE272148E35200E3D5EA /* BigImageTests.swift in Sources */,
				FF18588D2058CAC400ADC0BC /* DemoSwiftTests.swift in Sources */,
				FFF763CE20CA786700E479B7 /* DateExtensionTests.swift in Sources */,
			);
			runOnlyForDeploymentPostprocessing = 0;
		};
		FF7A645620F88D3E002AFBC0 /* Sources */ = {
			isa = PBXSourcesBuildPhase;
			buildActionMask = 2147483647;
			files = (
				FF7A646C20F88D6E002AFBC0 /* DynamicFrameworkView.swift in Sources */,
				FF7A646D20F88D6E002AFBC0 /* UIImage+Extension.swift in Sources */,
			);
			runOnlyForDeploymentPostprocessing = 0;
		};
		FF7A646E20F88D9D002AFBC0 /* Sources */ = {
			isa = PBXSourcesBuildPhase;
			buildActionMask = 2147483647;
			files = (
				FF7A648320F88DBE002AFBC0 /* UIImage+Extension.swift in Sources */,
				FF7A648420F88DBE002AFBC0 /* StaticFrameworkView.swift in Sources */,
			);
			runOnlyForDeploymentPostprocessing = 0;
		};
/* End PBXSourcesBuildPhase section */

/* Begin PBXTargetDependency section */
		FF18588A2058CAC400ADC0BC /* PBXTargetDependency */ = {
			isa = PBXTargetDependency;
			target = FF1858732058CAC400ADC0BC /* DemoSwift */;
			targetProxy = FF1858892058CAC400ADC0BC /* PBXContainerItemProxy */;
		};
		FF7A646120F88D3E002AFBC0 /* PBXTargetDependency */ = {
			isa = PBXTargetDependency;
			target = FF7A645A20F88D3E002AFBC0 /* DynamicFramework */;
			targetProxy = FF7A646020F88D3E002AFBC0 /* PBXContainerItemProxy */;
		};
		FF7A647920F88D9D002AFBC0 /* PBXTargetDependency */ = {
			isa = PBXTargetDependency;
			target = FF7A647220F88D9D002AFBC0 /* StaticFramework */;
			targetProxy = FF7A647820F88D9D002AFBC0 /* PBXContainerItemProxy */;
		};
/* End PBXTargetDependency section */

/* Begin PBXVariantGroup section */
		FF18587B2058CAC400ADC0BC /* Main.storyboard */ = {
			isa = PBXVariantGroup;
			children = (
				FF18587C2058CAC400ADC0BC /* Base */,
			);
			name = Main.storyboard;
			sourceTree = "<group>";
		};
		FF1858802058CAC400ADC0BC /* LaunchScreen.storyboard */ = {
			isa = PBXVariantGroup;
			children = (
				FF1858812058CAC400ADC0BC /* Base */,
			);
			name = LaunchScreen.storyboard;
			sourceTree = "<group>";
		};
/* End PBXVariantGroup section */

/* Begin XCBuildConfiguration section */
		FF18588F2058CAC400ADC0BC /* Debug */ = {
			isa = XCBuildConfiguration;
			buildSettings = {
				ALWAYS_SEARCH_USER_PATHS = NO;
				CLANG_ANALYZER_NONNULL = YES;
				CLANG_ANALYZER_NUMBER_OBJECT_CONVERSION = YES_AGGRESSIVE;
				CLANG_CXX_LANGUAGE_STANDARD = "gnu++14";
				CLANG_CXX_LIBRARY = "libc++";
				CLANG_ENABLE_MODULES = YES;
				CLANG_ENABLE_OBJC_ARC = YES;
				CLANG_WARN_BLOCK_CAPTURE_AUTORELEASING = YES;
				CLANG_WARN_BOOL_CONVERSION = YES;
				CLANG_WARN_COMMA = YES;
				CLANG_WARN_CONSTANT_CONVERSION = YES;
				CLANG_WARN_DEPRECATED_OBJC_IMPLEMENTATIONS = YES;
				CLANG_WARN_DIRECT_OBJC_ISA_USAGE = YES_ERROR;
				CLANG_WARN_DOCUMENTATION_COMMENTS = YES;
				CLANG_WARN_EMPTY_BODY = YES;
				CLANG_WARN_ENUM_CONVERSION = YES;
				CLANG_WARN_INFINITE_RECURSION = YES;
				CLANG_WARN_INT_CONVERSION = YES;
				CLANG_WARN_NON_LITERAL_NULL_CONVERSION = YES;
				CLANG_WARN_OBJC_IMPLICIT_RETAIN_SELF = YES;
				CLANG_WARN_OBJC_LITERAL_CONVERSION = YES;
				CLANG_WARN_OBJC_ROOT_CLASS = YES_ERROR;
				CLANG_WARN_QUOTED_INCLUDE_IN_FRAMEWORK_HEADER = YES;
				CLANG_WARN_RANGE_LOOP_ANALYSIS = YES;
				CLANG_WARN_STRICT_PROTOTYPES = YES;
				CLANG_WARN_SUSPICIOUS_MOVE = YES;
				CLANG_WARN_UNGUARDED_AVAILABILITY = YES_AGGRESSIVE;
				CLANG_WARN_UNREACHABLE_CODE = YES;
				CLANG_WARN__DUPLICATE_METHOD_MATCH = YES;
				CODE_SIGN_IDENTITY = "iPhone Developer";
				COPY_PHASE_STRIP = NO;
				DEBUG_INFORMATION_FORMAT = dwarf;
				ENABLE_STRICT_OBJC_MSGSEND = YES;
				ENABLE_TESTABILITY = YES;
				GCC_C_LANGUAGE_STANDARD = gnu11;
				GCC_DYNAMIC_NO_PIC = NO;
				GCC_NO_COMMON_BLOCKS = YES;
				GCC_OPTIMIZATION_LEVEL = 0;
				GCC_PREPROCESSOR_DEFINITIONS = (
					"DEBUG=1",
					"$(inherited)",
				);
				GCC_WARN_64_TO_32_BIT_CONVERSION = YES;
				GCC_WARN_ABOUT_RETURN_TYPE = YES_ERROR;
				GCC_WARN_UNDECLARED_SELECTOR = YES;
				GCC_WARN_UNINITIALIZED_AUTOS = YES_AGGRESSIVE;
				GCC_WARN_UNUSED_FUNCTION = YES;
				GCC_WARN_UNUSED_VARIABLE = YES;
				IPHONEOS_DEPLOYMENT_TARGET = 12.0;
				MTL_ENABLE_DEBUG_INFO = YES;
				ONLY_ACTIVE_ARCH = YES;
				SDKROOT = iphoneos;
				SWIFT_ACTIVE_COMPILATION_CONDITIONS = DEBUG;
				SWIFT_OPTIMIZATION_LEVEL = "-Onone";
			};
			name = Debug;
		};
		FF1858902058CAC400ADC0BC /* Release */ = {
			isa = XCBuildConfiguration;
			buildSettings = {
				ALWAYS_SEARCH_USER_PATHS = NO;
				CLANG_ANALYZER_NONNULL = YES;
				CLANG_ANALYZER_NUMBER_OBJECT_CONVERSION = YES_AGGRESSIVE;
				CLANG_CXX_LANGUAGE_STANDARD = "gnu++14";
				CLANG_CXX_LIBRARY = "libc++";
				CLANG_ENABLE_MODULES = YES;
				CLANG_ENABLE_OBJC_ARC = YES;
				CLANG_WARN_BLOCK_CAPTURE_AUTORELEASING = YES;
				CLANG_WARN_BOOL_CONVERSION = YES;
				CLANG_WARN_COMMA = YES;
				CLANG_WARN_CONSTANT_CONVERSION = YES;
				CLANG_WARN_DEPRECATED_OBJC_IMPLEMENTATIONS = YES;
				CLANG_WARN_DIRECT_OBJC_ISA_USAGE = YES_ERROR;
				CLANG_WARN_DOCUMENTATION_COMMENTS = YES;
				CLANG_WARN_EMPTY_BODY = YES;
				CLANG_WARN_ENUM_CONVERSION = YES;
				CLANG_WARN_INFINITE_RECURSION = YES;
				CLANG_WARN_INT_CONVERSION = YES;
				CLANG_WARN_NON_LITERAL_NULL_CONVERSION = YES;
				CLANG_WARN_OBJC_IMPLICIT_RETAIN_SELF = YES;
				CLANG_WARN_OBJC_LITERAL_CONVERSION = YES;
				CLANG_WARN_OBJC_ROOT_CLASS = YES_ERROR;
				CLANG_WARN_QUOTED_INCLUDE_IN_FRAMEWORK_HEADER = YES;
				CLANG_WARN_RANGE_LOOP_ANALYSIS = YES;
				CLANG_WARN_STRICT_PROTOTYPES = YES;
				CLANG_WARN_SUSPICIOUS_MOVE = YES;
				CLANG_WARN_UNGUARDED_AVAILABILITY = YES_AGGRESSIVE;
				CLANG_WARN_UNREACHABLE_CODE = YES;
				CLANG_WARN__DUPLICATE_METHOD_MATCH = YES;
				CODE_SIGN_IDENTITY = "iPhone Developer";
				COPY_PHASE_STRIP = NO;
				DEBUG_INFORMATION_FORMAT = "dwarf-with-dsym";
				ENABLE_NS_ASSERTIONS = NO;
				ENABLE_STRICT_OBJC_MSGSEND = YES;
				GCC_C_LANGUAGE_STANDARD = gnu11;
				GCC_NO_COMMON_BLOCKS = YES;
				GCC_WARN_64_TO_32_BIT_CONVERSION = YES;
				GCC_WARN_ABOUT_RETURN_TYPE = YES_ERROR;
				GCC_WARN_UNDECLARED_SELECTOR = YES;
				GCC_WARN_UNINITIALIZED_AUTOS = YES_AGGRESSIVE;
				GCC_WARN_UNUSED_FUNCTION = YES;
				GCC_WARN_UNUSED_VARIABLE = YES;
				IPHONEOS_DEPLOYMENT_TARGET = 12.0;
				MTL_ENABLE_DEBUG_INFO = NO;
				SDKROOT = iphoneos;
				SWIFT_OPTIMIZATION_LEVEL = "-Owholemodule";
				VALIDATE_PRODUCT = YES;
			};
			name = Release;
		};
		FF1858922058CAC400ADC0BC /* Debug */ = {
			isa = XCBuildConfiguration;
			baseConfigurationReference = 8980D18AD2141E62C2B41318 /* Pods-DemoSwift.debug.xcconfig */;
			buildSettings = {
				ALWAYS_EMBED_SWIFT_STANDARD_LIBRARIES = YES;
				ASSETCATALOG_COMPILER_APPICON_NAME = AppIcon;
				CLANG_ENABLE_MODULES = YES;
				CODE_SIGN_IDENTITY = "Apple Development";
				CODE_SIGN_STYLE = Automatic;
				DEVELOPMENT_TEAM = G39XBUQ8NC;
				INFOPLIST_FILE = DemoSwift/Info.plist;
				IPHONEOS_DEPLOYMENT_TARGET = 12.0;
				LD_RUNPATH_SEARCH_PATHS = "$(inherited) @executable_path/Frameworks";
				PRODUCT_BUNDLE_IDENTIFIER = com.mdd.DemoSwift;
				PRODUCT_NAME = "$(TARGET_NAME)";
				PROVISIONING_PROFILE = "";
				PROVISIONING_PROFILE_SPECIFIER = "";
				SWIFT_COMPILATION_MODE = singlefile;
				SWIFT_OBJC_BRIDGING_HEADER = "DemoSwift/DemoSwift-Bridging-Header.h";
				SWIFT_OPTIMIZATION_LEVEL = "-Onone";
				SWIFT_VERSION = 5.0;
				TARGETED_DEVICE_FAMILY = "1,2";
			};
			name = Debug;
		};
		FF1858932058CAC400ADC0BC /* Release */ = {
			isa = XCBuildConfiguration;
			baseConfigurationReference = 9853D24A50FA9FF3CD008B8D /* Pods-DemoSwift.release.xcconfig */;
			buildSettings = {
				ALWAYS_EMBED_SWIFT_STANDARD_LIBRARIES = YES;
				ASSETCATALOG_COMPILER_APPICON_NAME = AppIcon;
				CLANG_ENABLE_MODULES = YES;
				CODE_SIGN_IDENTITY = "Apple Development";
				CODE_SIGN_STYLE = Automatic;
				DEVELOPMENT_TEAM = G39XBUQ8NC;
				INFOPLIST_FILE = DemoSwift/Info.plist;
				IPHONEOS_DEPLOYMENT_TARGET = 12.0;
				LD_RUNPATH_SEARCH_PATHS = "$(inherited) @executable_path/Frameworks";
				PRODUCT_BUNDLE_IDENTIFIER = com.mdd.DemoSwift;
				PRODUCT_NAME = "$(TARGET_NAME)";
				PROVISIONING_PROFILE = "";
				PROVISIONING_PROFILE_SPECIFIER = "";
				SWIFT_OBJC_BRIDGING_HEADER = "DemoSwift/DemoSwift-Bridging-Header.h";
				SWIFT_OPTIMIZATION_LEVEL = "-O";
				SWIFT_VERSION = 5.0;
				TARGETED_DEVICE_FAMILY = "1,2";
			};
			name = Release;
		};
		FF1858952058CAC400ADC0BC /* Debug */ = {
			isa = XCBuildConfiguration;
			baseConfigurationReference = D3244A00694BA58B5798D424 /* Pods-DemoSwiftTests.debug.xcconfig */;
			buildSettings = {
				ALWAYS_EMBED_SWIFT_STANDARD_LIBRARIES = YES;
				BUNDLE_LOADER = "$(TEST_HOST)";
				CODE_SIGN_IDENTITY = "iPhone Developer";
				CODE_SIGN_STYLE = Manual;
				DEVELOPMENT_TEAM = 7U4X6K5PDJ;
				INFOPLIST_FILE = DemoSwiftTests/Info.plist;
				IPHONEOS_DEPLOYMENT_TARGET = 12.0;
				LD_RUNPATH_SEARCH_PATHS = "$(inherited) @executable_path/Frameworks @loader_path/Frameworks";
				PRODUCT_BUNDLE_IDENTIFIER = yaoxp.DemoSwiftTests;
				PRODUCT_NAME = "$(TARGET_NAME)";
				PROVISIONING_PROFILE = "";
				PROVISIONING_PROFILE_SPECIFIER = "";
				SWIFT_VERSION = 5.0;
				TARGETED_DEVICE_FAMILY = "1,2";
				TEST_HOST = "$(BUILT_PRODUCTS_DIR)/DemoSwift.app/DemoSwift";
			};
			name = Debug;
		};
		FF1858962058CAC400ADC0BC /* Release */ = {
			isa = XCBuildConfiguration;
			baseConfigurationReference = 6EF8CEF4C2E4AADE70875566 /* Pods-DemoSwiftTests.release.xcconfig */;
			buildSettings = {
				ALWAYS_EMBED_SWIFT_STANDARD_LIBRARIES = YES;
				BUNDLE_LOADER = "$(TEST_HOST)";
				CODE_SIGN_IDENTITY = "iPhone Developer";
				CODE_SIGN_STYLE = Manual;
				DEVELOPMENT_TEAM = 7U4X6K5PDJ;
				INFOPLIST_FILE = DemoSwiftTests/Info.plist;
				IPHONEOS_DEPLOYMENT_TARGET = 12.0;
				LD_RUNPATH_SEARCH_PATHS = "$(inherited) @executable_path/Frameworks @loader_path/Frameworks";
				PRODUCT_BUNDLE_IDENTIFIER = yaoxp.DemoSwiftTests;
				PRODUCT_NAME = "$(TARGET_NAME)";
				PROVISIONING_PROFILE = "";
				PROVISIONING_PROFILE_SPECIFIER = "";
				SWIFT_VERSION = 5.0;
				TARGETED_DEVICE_FAMILY = "1,2";
				TEST_HOST = "$(BUILT_PRODUCTS_DIR)/DemoSwift.app/DemoSwift";
			};
			name = Release;
		};
		FF7A646520F88D3E002AFBC0 /* Debug */ = {
			isa = XCBuildConfiguration;
			buildSettings = {
				CLANG_ENABLE_MODULES = YES;
				CLANG_ENABLE_OBJC_WEAK = YES;
				CLANG_WARN_DEPRECATED_OBJC_IMPLEMENTATIONS = YES;
				CLANG_WARN_OBJC_IMPLICIT_RETAIN_SELF = YES;
				CODE_SIGN_IDENTITY = "";
				CODE_SIGN_STYLE = Automatic;
				CURRENT_PROJECT_VERSION = 1;
				DEFINES_MODULE = YES;
				DEVELOPMENT_TEAM = QSH988Q3LB;
				DYLIB_COMPATIBILITY_VERSION = 1;
				DYLIB_CURRENT_VERSION = 1;
				DYLIB_INSTALL_NAME_BASE = "@rpath";
				INFOPLIST_FILE = DynamicFramework/Info.plist;
				INSTALL_PATH = "$(LOCAL_LIBRARY_DIR)/Frameworks";
				IPHONEOS_DEPLOYMENT_TARGET = 12.0;
				LD_RUNPATH_SEARCH_PATHS = "$(inherited) @executable_path/Frameworks @loader_path/Frameworks";
				PRODUCT_BUNDLE_IDENTIFIER = com.mdd.DynamicFramework;
				PRODUCT_NAME = "$(TARGET_NAME:c99extidentifier)";
				SKIP_INSTALL = YES;
				SWIFT_OPTIMIZATION_LEVEL = "-Onone";
				SWIFT_VERSION = 5.0;
				TARGETED_DEVICE_FAMILY = "1,2";
				VERSIONING_SYSTEM = "apple-generic";
				VERSION_INFO_PREFIX = "";
			};
			name = Debug;
		};
		FF7A646620F88D3E002AFBC0 /* Release */ = {
			isa = XCBuildConfiguration;
			buildSettings = {
				CLANG_ENABLE_MODULES = YES;
				CLANG_ENABLE_OBJC_WEAK = YES;
				CLANG_WARN_DEPRECATED_OBJC_IMPLEMENTATIONS = YES;
				CLANG_WARN_OBJC_IMPLICIT_RETAIN_SELF = YES;
				CODE_SIGN_IDENTITY = "";
				CODE_SIGN_STYLE = Automatic;
				CURRENT_PROJECT_VERSION = 1;
				DEFINES_MODULE = YES;
				DEVELOPMENT_TEAM = QSH988Q3LB;
				DYLIB_COMPATIBILITY_VERSION = 1;
				DYLIB_CURRENT_VERSION = 1;
				DYLIB_INSTALL_NAME_BASE = "@rpath";
				INFOPLIST_FILE = DynamicFramework/Info.plist;
				INSTALL_PATH = "$(LOCAL_LIBRARY_DIR)/Frameworks";
				IPHONEOS_DEPLOYMENT_TARGET = 12.0;
				LD_RUNPATH_SEARCH_PATHS = "$(inherited) @executable_path/Frameworks @loader_path/Frameworks";
				PRODUCT_BUNDLE_IDENTIFIER = com.mdd.DynamicFramework;
				PRODUCT_NAME = "$(TARGET_NAME:c99extidentifier)";
				SKIP_INSTALL = YES;
				SWIFT_VERSION = 5.0;
				TARGETED_DEVICE_FAMILY = "1,2";
				VERSIONING_SYSTEM = "apple-generic";
				VERSION_INFO_PREFIX = "";
			};
			name = Release;
		};
		FF7A647D20F88D9D002AFBC0 /* Debug */ = {
			isa = XCBuildConfiguration;
			buildSettings = {
				CLANG_ENABLE_MODULES = YES;
				CLANG_ENABLE_OBJC_WEAK = YES;
				CLANG_WARN_DEPRECATED_OBJC_IMPLEMENTATIONS = YES;
				CLANG_WARN_OBJC_IMPLICIT_RETAIN_SELF = YES;
				CODE_SIGN_IDENTITY = "";
				CODE_SIGN_STYLE = Automatic;
				CURRENT_PROJECT_VERSION = 1;
				DEFINES_MODULE = YES;
				DEVELOPMENT_TEAM = QSH988Q3LB;
				DYLIB_COMPATIBILITY_VERSION = 1;
				DYLIB_CURRENT_VERSION = 1;
				DYLIB_INSTALL_NAME_BASE = "@rpath";
				INFOPLIST_FILE = StaticFramework/Info.plist;
				INSTALL_PATH = "$(LOCAL_LIBRARY_DIR)/Frameworks";
				IPHONEOS_DEPLOYMENT_TARGET = 12.0;
				LD_RUNPATH_SEARCH_PATHS = "$(inherited) @executable_path/Frameworks @loader_path/Frameworks";
				MACH_O_TYPE = staticlib;
				PRODUCT_BUNDLE_IDENTIFIER = com.mdd.StaticFramework;
				PRODUCT_NAME = "$(TARGET_NAME:c99extidentifier)";
				SKIP_INSTALL = YES;
				SWIFT_OPTIMIZATION_LEVEL = "-Onone";
				SWIFT_VERSION = 5.0;
				TARGETED_DEVICE_FAMILY = "1,2";
				VERSIONING_SYSTEM = "apple-generic";
				VERSION_INFO_PREFIX = "";
			};
			name = Debug;
		};
		FF7A647E20F88D9D002AFBC0 /* Release */ = {
			isa = XCBuildConfiguration;
			buildSettings = {
				CLANG_ENABLE_MODULES = YES;
				CLANG_ENABLE_OBJC_WEAK = YES;
				CLANG_WARN_DEPRECATED_OBJC_IMPLEMENTATIONS = YES;
				CLANG_WARN_OBJC_IMPLICIT_RETAIN_SELF = YES;
				CODE_SIGN_IDENTITY = "";
				CODE_SIGN_STYLE = Automatic;
				CURRENT_PROJECT_VERSION = 1;
				DEFINES_MODULE = YES;
				DEVELOPMENT_TEAM = QSH988Q3LB;
				DYLIB_COMPATIBILITY_VERSION = 1;
				DYLIB_CURRENT_VERSION = 1;
				DYLIB_INSTALL_NAME_BASE = "@rpath";
				INFOPLIST_FILE = StaticFramework/Info.plist;
				INSTALL_PATH = "$(LOCAL_LIBRARY_DIR)/Frameworks";
				IPHONEOS_DEPLOYMENT_TARGET = 12.0;
				LD_RUNPATH_SEARCH_PATHS = "$(inherited) @executable_path/Frameworks @loader_path/Frameworks";
				MACH_O_TYPE = staticlib;
				PRODUCT_BUNDLE_IDENTIFIER = com.mdd.StaticFramework;
				PRODUCT_NAME = "$(TARGET_NAME:c99extidentifier)";
				SKIP_INSTALL = YES;
				SWIFT_VERSION = 5.0;
				TARGETED_DEVICE_FAMILY = "1,2";
				VERSIONING_SYSTEM = "apple-generic";
				VERSION_INFO_PREFIX = "";
			};
			name = Release;
		};
/* End XCBuildConfiguration section */

/* Begin XCConfigurationList section */
		FF18586F2058CAC400ADC0BC /* Build configuration list for PBXProject "DemoSwift" */ = {
			isa = XCConfigurationList;
			buildConfigurations = (
				FF18588F2058CAC400ADC0BC /* Debug */,
				FF1858902058CAC400ADC0BC /* Release */,
			);
			defaultConfigurationIsVisible = 0;
			defaultConfigurationName = Release;
		};
		FF1858912058CAC400ADC0BC /* Build configuration list for PBXNativeTarget "DemoSwift" */ = {
			isa = XCConfigurationList;
			buildConfigurations = (
				FF1858922058CAC400ADC0BC /* Debug */,
				FF1858932058CAC400ADC0BC /* Release */,
			);
			defaultConfigurationIsVisible = 0;
			defaultConfigurationName = Release;
		};
		FF1858942058CAC400ADC0BC /* Build configuration list for PBXNativeTarget "DemoSwiftTests" */ = {
			isa = XCConfigurationList;
			buildConfigurations = (
				FF1858952058CAC400ADC0BC /* Debug */,
				FF1858962058CAC400ADC0BC /* Release */,
			);
			defaultConfigurationIsVisible = 0;
			defaultConfigurationName = Release;
		};
		FF7A646420F88D3E002AFBC0 /* Build configuration list for PBXNativeTarget "DynamicFramework" */ = {
			isa = XCConfigurationList;
			buildConfigurations = (
				FF7A646520F88D3E002AFBC0 /* Debug */,
				FF7A646620F88D3E002AFBC0 /* Release */,
			);
			defaultConfigurationIsVisible = 0;
			defaultConfigurationName = Release;
		};
		FF7A647C20F88D9D002AFBC0 /* Build configuration list for PBXNativeTarget "StaticFramework" */ = {
			isa = XCConfigurationList;
			buildConfigurations = (
				FF7A647D20F88D9D002AFBC0 /* Debug */,
				FF7A647E20F88D9D002AFBC0 /* Release */,
			);
			defaultConfigurationIsVisible = 0;
			defaultConfigurationName = Release;
		};
/* End XCConfigurationList section */
	};
	rootObject = FF18586C2058CAC400ADC0BC /* Project object */;
}
